// !$*UTF8*$!
{
	archiveVersion = 1;
	classes = {
	};
	objectVersion = 51;
	objects = {

/* Begin PBXBuildFile section */
		B655B04380982B055F7581A9 /* Pods_Riksdagskollen.framework in Frameworks */ = {isa = PBXBuildFile; fileRef = BF5964062C3BFA7F2583EB4D /* Pods_Riksdagskollen.framework */; };
		BF023D31255A889D00BF919D /* StringUtils.swift in Sources */ = {isa = PBXBuildFile; fileRef = BF023D30255A889D00BF919D /* StringUtils.swift */; };
		BF3FE28325555B160036AF2F /* MenuController.swift in Sources */ = {isa = PBXBuildFile; fileRef = BF3FE28225555B160036AF2F /* MenuController.swift */; };
		BF3FE28A25555EAC0036AF2F /* MenuItemCell.swift in Sources */ = {isa = PBXBuildFile; fileRef = BF3FE28925555EAC0036AF2F /* MenuItemCell.swift */; };
		BF3FE28F255583B10036AF2F /* MenuItemCell.xib in Resources */ = {isa = PBXBuildFile; fileRef = BF3FE28E255583B10036AF2F /* MenuItemCell.xib */; };
		BF40397A25504E7D00D766F4 /* AppDelegate.swift in Sources */ = {isa = PBXBuildFile; fileRef = BF40397925504E7D00D766F4 /* AppDelegate.swift */; };
		BF40397C25504E7D00D766F4 /* SceneDelegate.swift in Sources */ = {isa = PBXBuildFile; fileRef = BF40397B25504E7D00D766F4 /* SceneDelegate.swift */; };
		BF40397E25504E7D00D766F4 /* NewsController.swift in Sources */ = {isa = PBXBuildFile; fileRef = BF40397D25504E7D00D766F4 /* NewsController.swift */; };
		BF40398125504E7D00D766F4 /* Main.storyboard in Resources */ = {isa = PBXBuildFile; fileRef = BF40397F25504E7D00D766F4 /* Main.storyboard */; };
		BF40398325504E7E00D766F4 /* Assets.xcassets in Resources */ = {isa = PBXBuildFile; fileRef = BF40398225504E7E00D766F4 /* Assets.xcassets */; };
		BF40398625504E7E00D766F4 /* LaunchScreen.storyboard in Resources */ = {isa = PBXBuildFile; fileRef = BF40398425504E7E00D766F4 /* LaunchScreen.storyboard */; };
		BF4039902550536000D766F4 /* Theme.swift in Sources */ = {isa = PBXBuildFile; fileRef = BF40398F2550536000D766F4 /* Theme.swift */; };
		BF403993255056A200D766F4 /* ThemeManager.swift in Sources */ = {isa = PBXBuildFile; fileRef = BF403992255056A200D766F4 /* ThemeManager.swift */; };
		BF40399725505CD500D766F4 /* PushUp.swift in Sources */ = {isa = PBXBuildFile; fileRef = BF40399625505CD500D766F4 /* PushUp.swift */; };
		BF40399B25505E6800D766F4 /* SplashController.swift in Sources */ = {isa = PBXBuildFile; fileRef = BF40399A25505E6800D766F4 /* SplashController.swift */; };
		BF7B6C9F255C298600AD70B3 /* NewsItemTableViewCell.swift in Sources */ = {isa = PBXBuildFile; fileRef = BF7B6C9D255C298600AD70B3 /* NewsItemTableViewCell.swift */; };
		BF7B6CA0255C298600AD70B3 /* NewsItemTableViewCell.xib in Resources */ = {isa = PBXBuildFile; fileRef = BF7B6C9E255C298600AD70B3 /* NewsItemTableViewCell.xib */; };
		BF7B6CAA255D4DE400AD70B3 /* SettingsController.swift in Sources */ = {isa = PBXBuildFile; fileRef = BF7B6CA9255D4DE400AD70B3 /* SettingsController.swift */; };
		BF7B6CBC255D802700AD70B3 /* ThemeComponents.swift in Sources */ = {isa = PBXBuildFile; fileRef = BF7B6CBB255D802700AD70B3 /* ThemeComponents.swift */; };
		BF7F603C255889D400D2959F /* FontUtils.swift in Sources */ = {isa = PBXBuildFile; fileRef = BF7F603B255889D400D2959F /* FontUtils.swift */; };
		BF7F604025588D2100D2959F /* NewsItem.swift in Sources */ = {isa = PBXBuildFile; fileRef = BF7F603F25588D2100D2959F /* NewsItem.swift */; };
		BF7F6044255963E100D2959F /* NewsModel.swift in Sources */ = {isa = PBXBuildFile; fileRef = BF7F6043255963E100D2959F /* NewsModel.swift */; };
		BF7F604B2559793900D2959F /* NewsService.swift in Sources */ = {isa = PBXBuildFile; fileRef = BF7F604A2559793900D2959F /* NewsService.swift */; };
		BF7F605425597FF300D2959F /* RiksdagenBaseService.swift in Sources */ = {isa = PBXBuildFile; fileRef = BF7F605325597FF300D2959F /* RiksdagenBaseService.swift */; };
		BF8BE5CA2552F9150016C85A /* DecisionsViewController.swift in Sources */ = {isa = PBXBuildFile; fileRef = BF8BE5C92552F9150016C85A /* DecisionsViewController.swift */; };
		BF8BE5D02553143F0016C85A /* CustomScrollView.swift in Sources */ = {isa = PBXBuildFile; fileRef = BF8BE5CF2553143F0016C85A /* CustomScrollView.swift */; };
		BFD8B1E225554D20001CEFB2 /* MasterViewController.swift in Sources */ = {isa = PBXBuildFile; fileRef = BFD8B1E125554D20001CEFB2 /* MasterViewController.swift */; };
/* End PBXBuildFile section */

/* Begin PBXFileReference section */
		17491EBE81FDFAB40921E3B7 /* Pods-Riksdagskollen.debug.xcconfig */ = {isa = PBXFileReference; includeInIndex = 1; lastKnownFileType = text.xcconfig; name = "Pods-Riksdagskollen.debug.xcconfig"; path = "Target Support Files/Pods-Riksdagskollen/Pods-Riksdagskollen.debug.xcconfig"; sourceTree = "<group>"; };
		9DCC515499D237EA419DBEF5 /* Pods-Riksdagskollen.release.xcconfig */ = {isa = PBXFileReference; includeInIndex = 1; lastKnownFileType = text.xcconfig; name = "Pods-Riksdagskollen.release.xcconfig"; path = "Target Support Files/Pods-Riksdagskollen/Pods-Riksdagskollen.release.xcconfig"; sourceTree = "<group>"; };
		BF023D30255A889D00BF919D /* StringUtils.swift */ = {isa = PBXFileReference; lastKnownFileType = sourcecode.swift; path = StringUtils.swift; sourceTree = "<group>"; };
		BF3FE28225555B160036AF2F /* MenuController.swift */ = {isa = PBXFileReference; lastKnownFileType = sourcecode.swift; path = MenuController.swift; sourceTree = "<group>"; };
		BF3FE28925555EAC0036AF2F /* MenuItemCell.swift */ = {isa = PBXFileReference; lastKnownFileType = sourcecode.swift; path = MenuItemCell.swift; sourceTree = "<group>"; };
		BF3FE28E255583B10036AF2F /* MenuItemCell.xib */ = {isa = PBXFileReference; lastKnownFileType = file.xib; path = MenuItemCell.xib; sourceTree = "<group>"; };
		BF40397625504E7D00D766F4 /* Riksdagskollen.app */ = {isa = PBXFileReference; explicitFileType = wrapper.application; includeInIndex = 0; path = Riksdagskollen.app; sourceTree = BUILT_PRODUCTS_DIR; };
		BF40397925504E7D00D766F4 /* AppDelegate.swift */ = {isa = PBXFileReference; lastKnownFileType = sourcecode.swift; path = AppDelegate.swift; sourceTree = "<group>"; };
		BF40397B25504E7D00D766F4 /* SceneDelegate.swift */ = {isa = PBXFileReference; lastKnownFileType = sourcecode.swift; path = SceneDelegate.swift; sourceTree = "<group>"; };
		BF40397D25504E7D00D766F4 /* NewsController.swift */ = {isa = PBXFileReference; lastKnownFileType = sourcecode.swift; path = NewsController.swift; sourceTree = "<group>"; };
		BF40398025504E7D00D766F4 /* Base */ = {isa = PBXFileReference; lastKnownFileType = file.storyboard; name = Base; path = Base.lproj/Main.storyboard; sourceTree = "<group>"; };
		BF40398225504E7E00D766F4 /* Assets.xcassets */ = {isa = PBXFileReference; lastKnownFileType = folder.assetcatalog; path = Assets.xcassets; sourceTree = "<group>"; };
		BF40398525504E7E00D766F4 /* Base */ = {isa = PBXFileReference; lastKnownFileType = file.storyboard; name = Base; path = Base.lproj/LaunchScreen.storyboard; sourceTree = "<group>"; };
		BF40398725504E7E00D766F4 /* Info.plist */ = {isa = PBXFileReference; lastKnownFileType = text.plist.xml; path = Info.plist; sourceTree = "<group>"; };
		BF40398F2550536000D766F4 /* Theme.swift */ = {isa = PBXFileReference; lastKnownFileType = sourcecode.swift; path = Theme.swift; sourceTree = "<group>"; };
		BF403992255056A200D766F4 /* ThemeManager.swift */ = {isa = PBXFileReference; lastKnownFileType = sourcecode.swift; path = ThemeManager.swift; sourceTree = "<group>"; };
		BF40399625505CD500D766F4 /* PushUp.swift */ = {isa = PBXFileReference; lastKnownFileType = sourcecode.swift; path = PushUp.swift; sourceTree = "<group>"; };
		BF40399A25505E6800D766F4 /* SplashController.swift */ = {isa = PBXFileReference; lastKnownFileType = sourcecode.swift; path = SplashController.swift; sourceTree = "<group>"; };
		BF5964062C3BFA7F2583EB4D /* Pods_Riksdagskollen.framework */ = {isa = PBXFileReference; explicitFileType = wrapper.framework; includeInIndex = 0; path = Pods_Riksdagskollen.framework; sourceTree = BUILT_PRODUCTS_DIR; };
		BF7B6C9D255C298600AD70B3 /* NewsItemTableViewCell.swift */ = {isa = PBXFileReference; lastKnownFileType = sourcecode.swift; path = NewsItemTableViewCell.swift; sourceTree = "<group>"; };
		BF7B6C9E255C298600AD70B3 /* NewsItemTableViewCell.xib */ = {isa = PBXFileReference; lastKnownFileType = file.xib; path = NewsItemTableViewCell.xib; sourceTree = "<group>"; };
		BF7B6CA9255D4DE400AD70B3 /* SettingsController.swift */ = {isa = PBXFileReference; lastKnownFileType = sourcecode.swift; path = SettingsController.swift; sourceTree = "<group>"; };
		BF7B6CBB255D802700AD70B3 /* ThemeComponents.swift */ = {isa = PBXFileReference; lastKnownFileType = sourcecode.swift; path = ThemeComponents.swift; sourceTree = "<group>"; };
		BF7F603B255889D400D2959F /* FontUtils.swift */ = {isa = PBXFileReference; lastKnownFileType = sourcecode.swift; path = FontUtils.swift; sourceTree = "<group>"; };
		BF7F603F25588D2100D2959F /* NewsItem.swift */ = {isa = PBXFileReference; lastKnownFileType = sourcecode.swift; path = NewsItem.swift; sourceTree = "<group>"; };
		BF7F6043255963E100D2959F /* NewsModel.swift */ = {isa = PBXFileReference; lastKnownFileType = sourcecode.swift; path = NewsModel.swift; sourceTree = "<group>"; };
		BF7F604A2559793900D2959F /* NewsService.swift */ = {isa = PBXFileReference; lastKnownFileType = sourcecode.swift; path = NewsService.swift; sourceTree = "<group>"; };
		BF7F605325597FF300D2959F /* RiksdagenBaseService.swift */ = {isa = PBXFileReference; lastKnownFileType = sourcecode.swift; path = RiksdagenBaseService.swift; sourceTree = "<group>"; };
		BF8BE5C92552F9150016C85A /* DecisionsViewController.swift */ = {isa = PBXFileReference; lastKnownFileType = sourcecode.swift; path = DecisionsViewController.swift; sourceTree = "<group>"; };
		BF8BE5CF2553143F0016C85A /* CustomScrollView.swift */ = {isa = PBXFileReference; lastKnownFileType = sourcecode.swift; path = CustomScrollView.swift; sourceTree = "<group>"; };
		BFD8B1E125554D20001CEFB2 /* MasterViewController.swift */ = {isa = PBXFileReference; lastKnownFileType = sourcecode.swift; path = MasterViewController.swift; sourceTree = "<group>"; };
/* End PBXFileReference section */

/* Begin PBXFrameworksBuildPhase section */
		BF40397325504E7D00D766F4 /* Frameworks */ = {
			isa = PBXFrameworksBuildPhase;
			buildActionMask = 2147483647;
			files = (
				B655B04380982B055F7581A9 /* Pods_Riksdagskollen.framework in Frameworks */,
			);
			runOnlyForDeploymentPostprocessing = 0;
		};
/* End PBXFrameworksBuildPhase section */

/* Begin PBXGroup section */
		47E979B9B8E31F228120D1B5 /* Pods */ = {
			isa = PBXGroup;
			children = (
				17491EBE81FDFAB40921E3B7 /* Pods-Riksdagskollen.debug.xcconfig */,
				9DCC515499D237EA419DBEF5 /* Pods-Riksdagskollen.release.xcconfig */,
			);
			path = Pods;
			sourceTree = "<group>";
		};
		BF40396D25504E7D00D766F4 = {
			isa = PBXGroup;
			children = (
				BF40397825504E7D00D766F4 /* Riksdagskollen */,
				BF40397725504E7D00D766F4 /* Products */,
				47E979B9B8E31F228120D1B5 /* Pods */,
				D4C2B2ED704F7549323E7B9F /* Frameworks */,
			);
			sourceTree = "<group>";
		};
		BF40397725504E7D00D766F4 /* Products */ = {
			isa = PBXGroup;
			children = (
				BF40397625504E7D00D766F4 /* Riksdagskollen.app */,
			);
			name = Products;
			sourceTree = "<group>";
		};
		BF40397825504E7D00D766F4 /* Riksdagskollen */ = {
			isa = PBXGroup;
			children = (
				BF7B6CA8255D4DC700AD70B3 /* settings */,
				BF7F605125597FCA00D2959F /* networking */,
				BF7F603A255889C600D2959F /* utils */,
				BF8BE5C82552F8FB0016C85A /* decisions */,
				BF8BE5C72552F8970016C85A /* news */,
				BFE4B1532552DCC400259BB2 /* navigation */,
				BF40398E255052A500D766F4 /* theme */,
				BF40397925504E7D00D766F4 /* AppDelegate.swift */,
				BF40397B25504E7D00D766F4 /* SceneDelegate.swift */,
				BF40397F25504E7D00D766F4 /* Main.storyboard */,
				BF40398225504E7E00D766F4 /* Assets.xcassets */,
				BF40398425504E7E00D766F4 /* LaunchScreen.storyboard */,
				BF40398725504E7E00D766F4 /* Info.plist */,
				BFD8B1E125554D20001CEFB2 /* MasterViewController.swift */,
			);
			path = Riksdagskollen;
			sourceTree = "<group>";
		};
		BF40398E255052A500D766F4 /* theme */ = {
			isa = PBXGroup;
			children = (
				BF40398F2550536000D766F4 /* Theme.swift */,
				BF403992255056A200D766F4 /* ThemeManager.swift */,
				BF7B6CBB255D802700AD70B3 /* ThemeComponents.swift */,
			);
			path = theme;
			sourceTree = "<group>";
		};
		BF40399525505CB700D766F4 /* segues */ = {
			isa = PBXGroup;
			children = (
				BF40399625505CD500D766F4 /* PushUp.swift */,
			);
			path = segues;
			sourceTree = "<group>";
		};
		BF7B6CA8255D4DC700AD70B3 /* settings */ = {
			isa = PBXGroup;
			children = (
				BF7B6CA9255D4DE400AD70B3 /* SettingsController.swift */,
			);
			path = settings;
			sourceTree = "<group>";
		};
		BF7F603A255889C600D2959F /* utils */ = {
			isa = PBXGroup;
			children = (
				BF7F603B255889D400D2959F /* FontUtils.swift */,
				BF023D30255A889D00BF919D /* StringUtils.swift */,
			);
			path = utils;
			sourceTree = "<group>";
		};
		BF7F603E25588CA700D2959F /* data */ = {
			isa = PBXGroup;
			children = (
				BF7F603F25588D2100D2959F /* NewsItem.swift */,
			);
			path = data;
			sourceTree = "<group>";
		};
		BF7F605125597FCA00D2959F /* networking */ = {
			isa = PBXGroup;
			children = (
				BF7F605225597FD600D2959F /* service */,
			);
			path = networking;
			sourceTree = "<group>";
		};
		BF7F605225597FD600D2959F /* service */ = {
			isa = PBXGroup;
			children = (
				BF7F605325597FF300D2959F /* RiksdagenBaseService.swift */,
				BF7F604A2559793900D2959F /* NewsService.swift */,
			);
			path = service;
			sourceTree = "<group>";
		};
		BF8BE5C72552F8970016C85A /* news */ = {
			isa = PBXGroup;
			children = (
				BF7F603E25588CA700D2959F /* data */,
				BF40397D25504E7D00D766F4 /* NewsController.swift */,
				BF7F6043255963E100D2959F /* NewsModel.swift */,
				BF7B6C9D255C298600AD70B3 /* NewsItemTableViewCell.swift */,
				BF7B6C9E255C298600AD70B3 /* NewsItemTableViewCell.xib */,
			);
			path = news;
			sourceTree = "<group>";
		};
		BF8BE5C82552F8FB0016C85A /* decisions */ = {
			isa = PBXGroup;
			children = (
				BF8BE5C92552F9150016C85A /* DecisionsViewController.swift */,
			);
			path = decisions;
			sourceTree = "<group>";
		};
		BF8BE5CE2553142D0016C85A /* drawer */ = {
			isa = PBXGroup;
			children = (
				BF8BE5CF2553143F0016C85A /* CustomScrollView.swift */,
				BF3FE28225555B160036AF2F /* MenuController.swift */,
				BF3FE28925555EAC0036AF2F /* MenuItemCell.swift */,
				BF3FE28E255583B10036AF2F /* MenuItemCell.xib */,
			);
			path = drawer;
			sourceTree = "<group>";
		};
		BFE4B1532552DCC400259BB2 /* navigation */ = {
			isa = PBXGroup;
			children = (
				BF40399A25505E6800D766F4 /* SplashController.swift */,
				BF8BE5CE2553142D0016C85A /* drawer */,
				BF40399525505CB700D766F4 /* segues */,
			);
			path = navigation;
			sourceTree = "<group>";
		};
		D4C2B2ED704F7549323E7B9F /* Frameworks */ = {
			isa = PBXGroup;
			children = (
				BF5964062C3BFA7F2583EB4D /* Pods_Riksdagskollen.framework */,
			);
			name = Frameworks;
			sourceTree = "<group>";
		};
/* End PBXGroup section */

/* Begin PBXNativeTarget section */
		BF40397525504E7D00D766F4 /* Riksdagskollen */ = {
			isa = PBXNativeTarget;
			buildConfigurationList = BF40398A25504E7E00D766F4 /* Build configuration list for PBXNativeTarget "Riksdagskollen" */;
			buildPhases = (
				5C9208D2733DF014E0247513 /* [CP] Check Pods Manifest.lock */,
				BF40397225504E7D00D766F4 /* Sources */,
				BF40397325504E7D00D766F4 /* Frameworks */,
				BF40397425504E7D00D766F4 /* Resources */,
				D8428222920F1C1CFA9B61F2 /* [CP] Embed Pods Frameworks */,
			);
			buildRules = (
			);
			dependencies = (
			);
			name = Riksdagskollen;
			productName = Riksdagskollen;
			productReference = BF40397625504E7D00D766F4 /* Riksdagskollen.app */;
			productType = "com.apple.product-type.application";
		};
/* End PBXNativeTarget section */

/* Begin PBXProject section */
		BF40396E25504E7D00D766F4 /* Project object */ = {
			isa = PBXProject;
			attributes = {
				LastSwiftUpdateCheck = 1210;
				LastUpgradeCheck = 1210;
				TargetAttributes = {
					BF40397525504E7D00D766F4 = {
						CreatedOnToolsVersion = 12.1;
					};
				};
			};
			buildConfigurationList = BF40397125504E7D00D766F4 /* Build configuration list for PBXProject "Riksdagskollen" */;
			compatibilityVersion = "Xcode 9.3";
			developmentRegion = en;
			hasScannedForEncodings = 0;
			knownRegions = (
				en,
				Base,
			);
			mainGroup = BF40396D25504E7D00D766F4;
			productRefGroup = BF40397725504E7D00D766F4 /* Products */;
			projectDirPath = "";
			projectRoot = "";
			targets = (
				BF40397525504E7D00D766F4 /* Riksdagskollen */,
			);
		};
/* End PBXProject section */

/* Begin PBXResourcesBuildPhase section */
		BF40397425504E7D00D766F4 /* Resources */ = {
			isa = PBXResourcesBuildPhase;
			buildActionMask = 2147483647;
			files = (
				BF40398625504E7E00D766F4 /* LaunchScreen.storyboard in Resources */,
				BF3FE28F255583B10036AF2F /* MenuItemCell.xib in Resources */,
				BF40398325504E7E00D766F4 /* Assets.xcassets in Resources */,
				BF40398125504E7D00D766F4 /* Main.storyboard in Resources */,
				BF7B6CA0255C298600AD70B3 /* NewsItemTableViewCell.xib in Resources */,
			);
			runOnlyForDeploymentPostprocessing = 0;
		};
/* End PBXResourcesBuildPhase section */

/* Begin PBXShellScriptBuildPhase section */
		5C9208D2733DF014E0247513 /* [CP] Check Pods Manifest.lock */ = {
			isa = PBXShellScriptBuildPhase;
			buildActionMask = 2147483647;
			files = (
			);
			inputFileListPaths = (
			);
			inputPaths = (
				"${PODS_PODFILE_DIR_PATH}/Podfile.lock",
				"${PODS_ROOT}/Manifest.lock",
			);
			name = "[CP] Check Pods Manifest.lock";
			outputFileListPaths = (
			);
			outputPaths = (
				"$(DERIVED_FILE_DIR)/Pods-Riksdagskollen-checkManifestLockResult.txt",
			);
			runOnlyForDeploymentPostprocessing = 0;
			shellPath = /bin/sh;
			shellScript = "diff \"${PODS_PODFILE_DIR_PATH}/Podfile.lock\" \"${PODS_ROOT}/Manifest.lock\" > /dev/null\nif [ $? != 0 ] ; then\n    # print error to STDERR\n    echo \"error: The sandbox is not in sync with the Podfile.lock. Run 'pod install' or update your CocoaPods installation.\" >&2\n    exit 1\nfi\n# This output is used by Xcode 'outputs' to avoid re-running this script phase.\necho \"SUCCESS\" > \"${SCRIPT_OUTPUT_FILE_0}\"\n";
			showEnvVarsInLog = 0;
		};
		D8428222920F1C1CFA9B61F2 /* [CP] Embed Pods Frameworks */ = {
			isa = PBXShellScriptBuildPhase;
			buildActionMask = 2147483647;
			files = (
			);
			inputFileListPaths = (
				"${PODS_ROOT}/Target Support Files/Pods-Riksdagskollen/Pods-Riksdagskollen-frameworks-${CONFIGURATION}-input-files.xcfilelist",
			);
			name = "[CP] Embed Pods Frameworks";
			outputFileListPaths = (
				"${PODS_ROOT}/Target Support Files/Pods-Riksdagskollen/Pods-Riksdagskollen-frameworks-${CONFIGURATION}-output-files.xcfilelist",
			);
			runOnlyForDeploymentPostprocessing = 0;
			shellPath = /bin/sh;
			shellScript = "\"${PODS_ROOT}/Target Support Files/Pods-Riksdagskollen/Pods-Riksdagskollen-frameworks.sh\"\n";
			showEnvVarsInLog = 0;
		};
/* End PBXShellScriptBuildPhase section */

/* Begin PBXSourcesBuildPhase section */
		BF40397225504E7D00D766F4 /* Sources */ = {
			isa = PBXSourcesBuildPhase;
			buildActionMask = 2147483647;
			files = (
				BF40399725505CD500D766F4 /* PushUp.swift in Sources */,
				BF7F604B2559793900D2959F /* NewsService.swift in Sources */,
				BF7F604025588D2100D2959F /* NewsItem.swift in Sources */,
				BF7B6CAA255D4DE400AD70B3 /* SettingsController.swift in Sources */,
				BF7B6C9F255C298600AD70B3 /* NewsItemTableViewCell.swift in Sources */,
				BF8BE5D02553143F0016C85A /* CustomScrollView.swift in Sources */,
				BF7F603C255889D400D2959F /* FontUtils.swift in Sources */,
				BF40397E25504E7D00D766F4 /* NewsController.swift in Sources */,
				BF7B6CBC255D802700AD70B3 /* ThemeComponents.swift in Sources */,
				BFD8B1E225554D20001CEFB2 /* MasterViewController.swift in Sources */,
				BF023D31255A889D00BF919D /* StringUtils.swift in Sources */,
				BF4039902550536000D766F4 /* Theme.swift in Sources */,
				BF7F6044255963E100D2959F /* NewsModel.swift in Sources */,
				BF3FE28325555B160036AF2F /* MenuController.swift in Sources */,
				BF403993255056A200D766F4 /* ThemeManager.swift in Sources */,
				BF3FE28A25555EAC0036AF2F /* MenuItemCell.swift in Sources */,
				BF8BE5CA2552F9150016C85A /* DecisionsViewController.swift in Sources */,
				BF40399B25505E6800D766F4 /* SplashController.swift in Sources */,
				BF7F605425597FF300D2959F /* RiksdagenBaseService.swift in Sources */,
				BF40397A25504E7D00D766F4 /* AppDelegate.swift in Sources */,
				BF40397C25504E7D00D766F4 /* SceneDelegate.swift in Sources */,
			);
			runOnlyForDeploymentPostprocessing = 0;
		};
/* End PBXSourcesBuildPhase section */

/* Begin PBXVariantGroup section */
		BF40397F25504E7D00D766F4 /* Main.storyboard */ = {
			isa = PBXVariantGroup;
			children = (
				BF40398025504E7D00D766F4 /* Base */,
			);
			name = Main.storyboard;
			sourceTree = "<group>";
		};
		BF40398425504E7E00D766F4 /* LaunchScreen.storyboard */ = {
			isa = PBXVariantGroup;
			children = (
				BF40398525504E7E00D766F4 /* Base */,
			);
			name = LaunchScreen.storyboard;
			sourceTree = "<group>";
		};
/* End PBXVariantGroup section */

/* Begin XCBuildConfiguration section */
		BF40398825504E7E00D766F4 /* Debug */ = {
			isa = XCBuildConfiguration;
			buildSettings = {
				ALWAYS_SEARCH_USER_PATHS = NO;
				CLANG_ANALYZER_NONNULL = YES;
				CLANG_ANALYZER_NUMBER_OBJECT_CONVERSION = YES_AGGRESSIVE;
				CLANG_CXX_LANGUAGE_STANDARD = "gnu++14";
				CLANG_CXX_LIBRARY = "libc++";
				CLANG_ENABLE_MODULES = YES;
				CLANG_ENABLE_OBJC_ARC = YES;
				CLANG_ENABLE_OBJC_WEAK = YES;
				CLANG_WARN_BLOCK_CAPTURE_AUTORELEASING = YES;
				CLANG_WARN_BOOL_CONVERSION = YES;
				CLANG_WARN_COMMA = YES;
				CLANG_WARN_CONSTANT_CONVERSION = YES;
				CLANG_WARN_DEPRECATED_OBJC_IMPLEMENTATIONS = YES;
				CLANG_WARN_DIRECT_OBJC_ISA_USAGE = YES_ERROR;
				CLANG_WARN_DOCUMENTATION_COMMENTS = YES;
				CLANG_WARN_EMPTY_BODY = YES;
				CLANG_WARN_ENUM_CONVERSION = YES;
				CLANG_WARN_INFINITE_RECURSION = YES;
				CLANG_WARN_INT_CONVERSION = YES;
				CLANG_WARN_NON_LITERAL_NULL_CONVERSION = YES;
				CLANG_WARN_OBJC_IMPLICIT_RETAIN_SELF = YES;
				CLANG_WARN_OBJC_LITERAL_CONVERSION = YES;
				CLANG_WARN_OBJC_ROOT_CLASS = YES_ERROR;
				CLANG_WARN_QUOTED_INCLUDE_IN_FRAMEWORK_HEADER = YES;
				CLANG_WARN_RANGE_LOOP_ANALYSIS = YES;
				CLANG_WARN_STRICT_PROTOTYPES = YES;
				CLANG_WARN_SUSPICIOUS_MOVE = YES;
				CLANG_WARN_UNGUARDED_AVAILABILITY = YES_AGGRESSIVE;
				CLANG_WARN_UNREACHABLE_CODE = YES;
				CLANG_WARN__DUPLICATE_METHOD_MATCH = YES;
				COPY_PHASE_STRIP = NO;
				DEBUG_INFORMATION_FORMAT = dwarf;
				ENABLE_STRICT_OBJC_MSGSEND = YES;
				ENABLE_TESTABILITY = YES;
				GCC_C_LANGUAGE_STANDARD = gnu11;
				GCC_DYNAMIC_NO_PIC = NO;
				GCC_NO_COMMON_BLOCKS = YES;
				GCC_OPTIMIZATION_LEVEL = 0;
				GCC_PREPROCESSOR_DEFINITIONS = (
					"DEBUG=1",
					"$(inherited)",
				);
				GCC_WARN_64_TO_32_BIT_CONVERSION = YES;
				GCC_WARN_ABOUT_RETURN_TYPE = YES_ERROR;
				GCC_WARN_UNDECLARED_SELECTOR = YES;
				GCC_WARN_UNINITIALIZED_AUTOS = YES_AGGRESSIVE;
				GCC_WARN_UNUSED_FUNCTION = YES;
				GCC_WARN_UNUSED_VARIABLE = YES;
				IPHONEOS_DEPLOYMENT_TARGET = 14.1;
				MTL_ENABLE_DEBUG_INFO = INCLUDE_SOURCE;
				MTL_FAST_MATH = YES;
				ONLY_ACTIVE_ARCH = YES;
				SDKROOT = iphoneos;
				SWIFT_ACTIVE_COMPILATION_CONDITIONS = DEBUG;
				SWIFT_OPTIMIZATION_LEVEL = "-Onone";
			};
			name = Debug;
		};
		BF40398925504E7E00D766F4 /* Release */ = {
			isa = XCBuildConfiguration;
			buildSettings = {
				ALWAYS_SEARCH_USER_PATHS = NO;
				CLANG_ANALYZER_NONNULL = YES;
				CLANG_ANALYZER_NUMBER_OBJECT_CONVERSION = YES_AGGRESSIVE;
				CLANG_CXX_LANGUAGE_STANDARD = "gnu++14";
				CLANG_CXX_LIBRARY = "libc++";
				CLANG_ENABLE_MODULES = YES;
				CLANG_ENABLE_OBJC_ARC = YES;
				CLANG_ENABLE_OBJC_WEAK = YES;
				CLANG_WARN_BLOCK_CAPTURE_AUTORELEASING = YES;
				CLANG_WARN_BOOL_CONVERSION = YES;
				CLANG_WARN_COMMA = YES;
				CLANG_WARN_CONSTANT_CONVERSION = YES;
				CLANG_WARN_DEPRECATED_OBJC_IMPLEMENTATIONS = YES;
				CLANG_WARN_DIRECT_OBJC_ISA_USAGE = YES_ERROR;
				CLANG_WARN_DOCUMENTATION_COMMENTS = YES;
				CLANG_WARN_EMPTY_BODY = YES;
				CLANG_WARN_ENUM_CONVERSION = YES;
				CLANG_WARN_INFINITE_RECURSION = YES;
				CLANG_WARN_INT_CONVERSION = YES;
				CLANG_WARN_NON_LITERAL_NULL_CONVERSION = YES;
				CLANG_WARN_OBJC_IMPLICIT_RETAIN_SELF = YES;
				CLANG_WARN_OBJC_LITERAL_CONVERSION = YES;
				CLANG_WARN_OBJC_ROOT_CLASS = YES_ERROR;
				CLANG_WARN_QUOTED_INCLUDE_IN_FRAMEWORK_HEADER = YES;
				CLANG_WARN_RANGE_LOOP_ANALYSIS = YES;
				CLANG_WARN_STRICT_PROTOTYPES = YES;
				CLANG_WARN_SUSPICIOUS_MOVE = YES;
				CLANG_WARN_UNGUARDED_AVAILABILITY = YES_AGGRESSIVE;
				CLANG_WARN_UNREACHABLE_CODE = YES;
				CLANG_WARN__DUPLICATE_METHOD_MATCH = YES;
				COPY_PHASE_STRIP = NO;
				DEBUG_INFORMATION_FORMAT = "dwarf-with-dsym";
				ENABLE_NS_ASSERTIONS = NO;
				ENABLE_STRICT_OBJC_MSGSEND = YES;
				GCC_C_LANGUAGE_STANDARD = gnu11;
				GCC_NO_COMMON_BLOCKS = YES;
				GCC_WARN_64_TO_32_BIT_CONVERSION = YES;
				GCC_WARN_ABOUT_RETURN_TYPE = YES_ERROR;
				GCC_WARN_UNDECLARED_SELECTOR = YES;
				GCC_WARN_UNINITIALIZED_AUTOS = YES_AGGRESSIVE;
				GCC_WARN_UNUSED_FUNCTION = YES;
				GCC_WARN_UNUSED_VARIABLE = YES;
				IPHONEOS_DEPLOYMENT_TARGET = 14.1;
				MTL_ENABLE_DEBUG_INFO = NO;
				MTL_FAST_MATH = YES;
				SDKROOT = iphoneos;
				SWIFT_COMPILATION_MODE = wholemodule;
				SWIFT_OPTIMIZATION_LEVEL = "-O";
				VALIDATE_PRODUCT = YES;
			};
			name = Release;
		};
		BF40398B25504E7E00D766F4 /* Debug */ = {
			isa = XCBuildConfiguration;
			baseConfigurationReference = 17491EBE81FDFAB40921E3B7 /* Pods-Riksdagskollen.debug.xcconfig */;
			buildSettings = {
				ASSETCATALOG_COMPILER_APPICON_NAME = AppIcon;
				ASSETCATALOG_COMPILER_GLOBAL_ACCENT_COLOR_NAME = AccentColor;
				CODE_SIGN_STYLE = Automatic;
				INFOPLIST_FILE = Riksdagskollen/Info.plist;
				LD_RUNPATH_SEARCH_PATHS = (
					"$(inherited)",
					"@executable_path/Frameworks",
				);
				PRODUCT_BUNDLE_IDENTIFIER = Riksdagskollen.Riksdagskollen;
				PRODUCT_NAME = "$(TARGET_NAME)";
				SWIFT_VERSION = 5.0;
				TARGETED_DEVICE_FAMILY = "1,2";
			};
			name = Debug;
		};
		BF40398C25504E7E00D766F4 /* Release */ = {
			isa = XCBuildConfiguration;
			baseConfigurationReference = 9DCC515499D237EA419DBEF5 /* Pods-Riksdagskollen.release.xcconfig */;
			buildSettings = {
				ASSETCATALOG_COMPILER_APPICON_NAME = AppIcon;
				ASSETCATALOG_COMPILER_GLOBAL_ACCENT_COLOR_NAME = AccentColor;
				CODE_SIGN_STYLE = Automatic;
				INFOPLIST_FILE = Riksdagskollen/Info.plist;
				LD_RUNPATH_SEARCH_PATHS = (
					"$(inherited)",
					"@executable_path/Frameworks",
				);
				PRODUCT_BUNDLE_IDENTIFIER = Riksdagskollen.Riksdagskollen;
				PRODUCT_NAME = "$(TARGET_NAME)";
				SWIFT_VERSION = 5.0;
				TARGETED_DEVICE_FAMILY = "1,2";
			};
			name = Release;
		};
/* End XCBuildConfiguration section */

/* Begin XCConfigurationList section */
		BF40397125504E7D00D766F4 /* Build configuration list for PBXProject "Riksdagskollen" */ = {
			isa = XCConfigurationList;
			buildConfigurations = (
				BF40398825504E7E00D766F4 /* Debug */,
				BF40398925504E7E00D766F4 /* Release */,
			);
			defaultConfigurationIsVisible = 0;
			defaultConfigurationName = Release;
		};
		BF40398A25504E7E00D766F4 /* Build configuration list for PBXNativeTarget "Riksdagskollen" */ = {
			isa = XCConfigurationList;
			buildConfigurations = (
				BF40398B25504E7E00D766F4 /* Debug */,
				BF40398C25504E7E00D766F4 /* Release */,
			);
			defaultConfigurationIsVisible = 0;
			defaultConfigurationName = Release;
		};
/* End XCConfigurationList section */
	};
	rootObject = BF40396E25504E7D00D766F4 /* Project object */;
}
