// !$*UTF8*$!
{
	archiveVersion = 1;
	classes = {
	};
	objectVersion = 51;
	objects = {

/* Begin PBXBuildFile section */
		B655B04380982B055F7581A9 /* Pods_Riksdagskollen.framework in Frameworks */ = {isa = PBXBuildFile; fileRef = BF5964062C3BFA7F2583EB4D /* Pods_Riksdagskollen.framework */; };
		BF023D31255A889D00BF919D /* String.swift in Sources */ = {isa = PBXBuildFile; fileRef = BF023D30255A889D00BF919D /* String.swift */; };
		BF3DA1FA255E6A230094F463 /* DecisionModel.swift in Sources */ = {isa = PBXBuildFile; fileRef = BF3DA1F9255E6A230094F463 /* DecisionModel.swift */; };
		BF3DA1FE255E6A410094F463 /* DecisionsTableViewCell.swift in Sources */ = {isa = PBXBuildFile; fileRef = BF3DA1FC255E6A410094F463 /* DecisionsTableViewCell.swift */; };
		BF3DA1FF255E6A410094F463 /* DecisionsTableViewCell.xib in Resources */ = {isa = PBXBuildFile; fileRef = BF3DA1FD255E6A410094F463 /* DecisionsTableViewCell.xib */; };
		BF3DA205255E6C260094F463 /* DecisionsService.swift in Sources */ = {isa = PBXBuildFile; fileRef = BF3DA204255E6C260094F463 /* DecisionsService.swift */; };
		BF3DA20E255E80A50094F463 /* DecisionDocument.swift in Sources */ = {isa = PBXBuildFile; fileRef = BF3DA20D255E80A50094F463 /* DecisionDocument.swift */; };
		BF3FAD27256267C600261E5C /* ImageView.swift in Sources */ = {isa = PBXBuildFile; fileRef = BF3FAD26256267C600261E5C /* ImageView.swift */; };
		BF3FAD2E2562C9A400261E5C /* DecisionCategory.swift in Sources */ = {isa = PBXBuildFile; fileRef = BF3FAD2D2562C9A400261E5C /* DecisionCategory.swift */; };
		BF3FAD362563C26400261E5C /* DebateFeedController.swift in Sources */ = {isa = PBXBuildFile; fileRef = BF3FAD352563C26400261E5C /* DebateFeedController.swift */; };
		BF3FAD392563C29B00261E5C /* DebateFeedModel.swift in Sources */ = {isa = PBXBuildFile; fileRef = BF3FAD382563C29B00261E5C /* DebateFeedModel.swift */; };
		BF3FAD412563C35F00261E5C /* PartyDocument.swift in Sources */ = {isa = PBXBuildFile; fileRef = BF3FAD402563C35F00261E5C /* PartyDocument.swift */; };
		BF3FAD442563C48C00261E5C /* Debate.swift in Sources */ = {isa = PBXBuildFile; fileRef = BF3FAD432563C48C00261E5C /* Debate.swift */; };
		BF3FAD472563C49D00261E5C /* DebateStatement.swift in Sources */ = {isa = PBXBuildFile; fileRef = BF3FAD462563C49D00261E5C /* DebateStatement.swift */; };
		BF3FAD4A2563C4A500261E5C /* Speech.swift in Sources */ = {isa = PBXBuildFile; fileRef = BF3FAD492563C4A500261E5C /* Speech.swift */; };
		BF3FAD4D2563C5CF00261E5C /* DebateService.swift in Sources */ = {isa = PBXBuildFile; fileRef = BF3FAD4C2563C5CF00261E5C /* DebateService.swift */; };
		BF3FAD512563C6FE00261E5C /* DebateFeedTableViewCell.swift in Sources */ = {isa = PBXBuildFile; fileRef = BF3FAD4F2563C6FE00261E5C /* DebateFeedTableViewCell.swift */; };
		BF3FAD522563C6FE00261E5C /* DebateFeedTableViewCell.xib in Resources */ = {isa = PBXBuildFile; fileRef = BF3FAD502563C6FE00261E5C /* DebateFeedTableViewCell.xib */; };
		BF3FAD562563CA9A00261E5C /* DocumentType.swift in Sources */ = {isa = PBXBuildFile; fileRef = BF3FAD552563CA9A00261E5C /* DocumentType.swift */; };
		BF3FAD592563CDA600261E5C /* Parties.swift in Sources */ = {isa = PBXBuildFile; fileRef = BF3FAD582563CDA600261E5C /* Parties.swift */; };
		BF3FAD5C2563DE4800261E5C /* StackView.swift in Sources */ = {isa = PBXBuildFile; fileRef = BF3FAD5B2563DE4800261E5C /* StackView.swift */; };
		BF3FAD61256406D100261E5C /* RepresentativeService.swift in Sources */ = {isa = PBXBuildFile; fileRef = BF3FAD60256406D100261E5C /* RepresentativeService.swift */; };
		BF3FAD662564070900261E5C /* Representative.swift in Sources */ = {isa = PBXBuildFile; fileRef = BF3FAD652564070900261E5C /* Representative.swift */; };
		BF3FAD6A256507CA00261E5C /* PartyProfileImage.swift in Sources */ = {isa = PBXBuildFile; fileRef = BF3FAD69256507CA00261E5C /* PartyProfileImage.swift */; };
		BF3FE28325555B160036AF2F /* MenuController.swift in Sources */ = {isa = PBXBuildFile; fileRef = BF3FE28225555B160036AF2F /* MenuController.swift */; };
		BF3FE28A25555EAC0036AF2F /* MenuItemCell.swift in Sources */ = {isa = PBXBuildFile; fileRef = BF3FE28925555EAC0036AF2F /* MenuItemCell.swift */; };
		BF3FE28F255583B10036AF2F /* MenuItemCell.xib in Resources */ = {isa = PBXBuildFile; fileRef = BF3FE28E255583B10036AF2F /* MenuItemCell.xib */; };
		BF40397A25504E7D00D766F4 /* AppDelegate.swift in Sources */ = {isa = PBXBuildFile; fileRef = BF40397925504E7D00D766F4 /* AppDelegate.swift */; };
		BF40397C25504E7D00D766F4 /* SceneDelegate.swift in Sources */ = {isa = PBXBuildFile; fileRef = BF40397B25504E7D00D766F4 /* SceneDelegate.swift */; };
		BF40397E25504E7D00D766F4 /* NewsController.swift in Sources */ = {isa = PBXBuildFile; fileRef = BF40397D25504E7D00D766F4 /* NewsController.swift */; };
		BF40398125504E7D00D766F4 /* Main.storyboard in Resources */ = {isa = PBXBuildFile; fileRef = BF40397F25504E7D00D766F4 /* Main.storyboard */; };
		BF40398325504E7E00D766F4 /* Assets.xcassets in Resources */ = {isa = PBXBuildFile; fileRef = BF40398225504E7E00D766F4 /* Assets.xcassets */; };
		BF40398625504E7E00D766F4 /* LaunchScreen.storyboard in Resources */ = {isa = PBXBuildFile; fileRef = BF40398425504E7E00D766F4 /* LaunchScreen.storyboard */; };
		BF4039902550536000D766F4 /* Theme.swift in Sources */ = {isa = PBXBuildFile; fileRef = BF40398F2550536000D766F4 /* Theme.swift */; };
		BF403993255056A200D766F4 /* ThemeManager.swift in Sources */ = {isa = PBXBuildFile; fileRef = BF403992255056A200D766F4 /* ThemeManager.swift */; };
		BF40399725505CD500D766F4 /* PushUp.swift in Sources */ = {isa = PBXBuildFile; fileRef = BF40399625505CD500D766F4 /* PushUp.swift */; };
		BF40399B25505E6800D766F4 /* SplashController.swift in Sources */ = {isa = PBXBuildFile; fileRef = BF40399A25505E6800D766F4 /* SplashController.swift */; };
		BF5C86E8256C0547003CC1E9 /* DebateReplayTableViewCell.swift in Sources */ = {isa = PBXBuildFile; fileRef = BF5C86E6256C0547003CC1E9 /* DebateReplayTableViewCell.swift */; };
		BF5C86E9256C0547003CC1E9 /* DebateReplayOutgoingCell.xib in Resources */ = {isa = PBXBuildFile; fileRef = BF5C86E7256C0547003CC1E9 /* DebateReplayOutgoingCell.xib */; };
		BF5C86EC256C0E09003CC1E9 /* DebateReplayModel.swift in Sources */ = {isa = PBXBuildFile; fileRef = BF5C86EB256C0E09003CC1E9 /* DebateReplayModel.swift */; };
		BF5C9AB925750199009F22BC /* VotingUtil.swift in Sources */ = {isa = PBXBuildFile; fileRef = BF5C9AB825750199009F22BC /* VotingUtil.swift */; };
		BF5C9ABD25750491009F22BC /* VoteResultTests.swift in Sources */ = {isa = PBXBuildFile; fileRef = BF5C9ABC25750491009F22BC /* VoteResultTests.swift */; };
		BF62861E2575421B00BBBEB7 /* Label.swift in Sources */ = {isa = PBXBuildFile; fileRef = BF62861D2575421B00BBBEB7 /* Label.swift */; };
		BF628629257664BA00BBBEB7 /* PartyVoteResultView.swift in Sources */ = {isa = PBXBuildFile; fileRef = BF628628257664BA00BBBEB7 /* PartyVoteResultView.swift */; };
		BF6286402577D00700BBBEB7 /* LoadingAnimation.swift in Sources */ = {isa = PBXBuildFile; fileRef = BF62863F2577D00700BBBEB7 /* LoadingAnimation.swift */; };
		BF62864E25790CE300BBBEB7 /* LoadingOverlay.swift in Sources */ = {isa = PBXBuildFile; fileRef = BF62864D25790CE300BBBEB7 /* LoadingOverlay.swift */; };
		BF628656257A1DF200BBBEB7 /* DocumentReaderController.swift in Sources */ = {isa = PBXBuildFile; fileRef = BF628654257A1DF200BBBEB7 /* DocumentReaderController.swift */; };
		BF628657257A1DF200BBBEB7 /* DocumentReaderController.xib in Resources */ = {isa = PBXBuildFile; fileRef = BF628655257A1DF200BBBEB7 /* DocumentReaderController.xib */; };
		BF62865D257A272F00BBBEB7 /* DocumentHtmlView.swift in Sources */ = {isa = PBXBuildFile; fileRef = BF62865C257A272F00BBBEB7 /* DocumentHtmlView.swift */; };
		BF628661257A428B00BBBEB7 /* Collection.swift in Sources */ = {isa = PBXBuildFile; fileRef = BF628660257A428B00BBBEB7 /* Collection.swift */; };
		BF71DC80257E63F100011307 /* RepresentativesListController.swift in Sources */ = {isa = PBXBuildFile; fileRef = BF71DC7F257E63F100011307 /* RepresentativesListController.swift */; };
		BF71DC87257E65EA00011307 /* RepresentativeTableViewCell.swift in Sources */ = {isa = PBXBuildFile; fileRef = BF71DC85257E65EA00011307 /* RepresentativeTableViewCell.swift */; };
		BF71DC88257E65EA00011307 /* RepresentativeTableViewCell.xib in Resources */ = {isa = PBXBuildFile; fileRef = BF71DC86257E65EA00011307 /* RepresentativeTableViewCell.xib */; };
		BF71DCB1257FB2E500011307 /* RepresentativesListModel.swift in Sources */ = {isa = PBXBuildFile; fileRef = BF71DCB0257FB2E500011307 /* RepresentativesListModel.swift */; };
		BF71DCB52580D00200011307 /* Image.swift in Sources */ = {isa = PBXBuildFile; fileRef = BF71DCB42580D00200011307 /* Image.swift */; };
		BF7B6C9F255C298600AD70B3 /* NewsItemTableViewCell.swift in Sources */ = {isa = PBXBuildFile; fileRef = BF7B6C9D255C298600AD70B3 /* NewsItemTableViewCell.swift */; };
		BF7B6CA0255C298600AD70B3 /* NewsItemTableViewCell.xib in Resources */ = {isa = PBXBuildFile; fileRef = BF7B6C9E255C298600AD70B3 /* NewsItemTableViewCell.xib */; };
		BF7B6CAA255D4DE400AD70B3 /* SettingsController.swift in Sources */ = {isa = PBXBuildFile; fileRef = BF7B6CA9255D4DE400AD70B3 /* SettingsController.swift */; };
		BF7B6CBC255D802700AD70B3 /* ThemeComponents.swift in Sources */ = {isa = PBXBuildFile; fileRef = BF7B6CBB255D802700AD70B3 /* ThemeComponents.swift */; };
		BF7F603C255889D400D2959F /* Font.swift in Sources */ = {isa = PBXBuildFile; fileRef = BF7F603B255889D400D2959F /* Font.swift */; };
		BF7F604025588D2100D2959F /* NewsDocument.swift in Sources */ = {isa = PBXBuildFile; fileRef = BF7F603F25588D2100D2959F /* NewsDocument.swift */; };
		BF7F6044255963E100D2959F /* NewsModel.swift in Sources */ = {isa = PBXBuildFile; fileRef = BF7F6043255963E100D2959F /* NewsModel.swift */; };
		BF7F604B2559793900D2959F /* NewsService.swift in Sources */ = {isa = PBXBuildFile; fileRef = BF7F604A2559793900D2959F /* NewsService.swift */; };
		BF7F605425597FF300D2959F /* RiksdagenBaseService.swift in Sources */ = {isa = PBXBuildFile; fileRef = BF7F605325597FF300D2959F /* RiksdagenBaseService.swift */; };
		BF88BA56256EA8F60028BF66 /* DebateReplayIncomingCell.xib in Resources */ = {isa = PBXBuildFile; fileRef = BF88BA55256EA8F60028BF66 /* DebateReplayIncomingCell.xib */; };
		BF88BA5A256F976F0028BF66 /* Toast.swift in Sources */ = {isa = PBXBuildFile; fileRef = BF88BA59256F976F0028BF66 /* Toast.swift */; };
		BF88BA5E256FA4060028BF66 /* VotingFeedController.swift in Sources */ = {isa = PBXBuildFile; fileRef = BF88BA5D256FA4060028BF66 /* VotingFeedController.swift */; };
		BF88BA64256FA5D40028BF66 /* VotingFeedModel.swift in Sources */ = {isa = PBXBuildFile; fileRef = BF88BA63256FA5D40028BF66 /* VotingFeedModel.swift */; };
		BF88BA67256FA6FB0028BF66 /* VotesService.swift in Sources */ = {isa = PBXBuildFile; fileRef = BF88BA66256FA6FB0028BF66 /* VotesService.swift */; };
		BF88BA6B256FAAE00028BF66 /* VotingFeedTableViewCell.swift in Sources */ = {isa = PBXBuildFile; fileRef = BF88BA69256FAAE00028BF66 /* VotingFeedTableViewCell.swift */; };
		BF88BA6C256FAAE00028BF66 /* VotingFeedTableViewCell.xib in Resources */ = {isa = PBXBuildFile; fileRef = BF88BA6A256FAAE00028BF66 /* VotingFeedTableViewCell.xib */; };
		BF8BE5CA2552F9150016C85A /* DecisionsController.swift in Sources */ = {isa = PBXBuildFile; fileRef = BF8BE5C92552F9150016C85A /* DecisionsController.swift */; };
		BF8BE5D02553143F0016C85A /* CustomScrollView.swift in Sources */ = {isa = PBXBuildFile; fileRef = BF8BE5CF2553143F0016C85A /* CustomScrollView.swift */; };
		BF99F22F257A6880001CD2BF /* motion_style.css in Resources */ = {isa = PBXBuildFile; fileRef = BF99F22C257A6880001CD2BF /* motion_style.css */; };
		BF99F230257A6880001CD2BF /* motion_style_white.css in Resources */ = {isa = PBXBuildFile; fileRef = BF99F22D257A6880001CD2BF /* motion_style_white.css */; };
		BF99F231257A6880001CD2BF /* motion_style_black.css in Resources */ = {isa = PBXBuildFile; fileRef = BF99F22E257A6880001CD2BF /* motion_style_black.css */; };
		BFB6C7062565390000FF2708 /* DebateReplayViewController.swift in Sources */ = {isa = PBXBuildFile; fileRef = BFB6C7042565390000FF2708 /* DebateReplayViewController.swift */; };
		BFB6C7072565390000FF2708 /* DebateReplayViewController.xib in Resources */ = {isa = PBXBuildFile; fileRef = BFB6C7052565390000FF2708 /* DebateReplayViewController.xib */; };
		BFB6C70A25653B2200FF2708 /* RepresentativeManager.swift in Sources */ = {isa = PBXBuildFile; fileRef = BFB6C70925653B2200FF2708 /* RepresentativeManager.swift */; };
		BFB6C70D2565681800FF2708 /* SpeechBubble.swift in Sources */ = {isa = PBXBuildFile; fileRef = BFB6C70C2565681800FF2708 /* SpeechBubble.swift */; };
		BFC2CFC7256FB34800A24DF0 /* VotingDocument.swift in Sources */ = {isa = PBXBuildFile; fileRef = BFC2CFC6256FB34800A24DF0 /* VotingDocument.swift */; };
		BFC2CFCA256FB6BC00A24DF0 /* VoteResult.swift in Sources */ = {isa = PBXBuildFile; fileRef = BFC2CFC9256FB6BC00A24DF0 /* VoteResult.swift */; };
		BFC2CFE52570080E00A24DF0 /* VotingDetailsViewController.swift in Sources */ = {isa = PBXBuildFile; fileRef = BFC2CFE32570080E00A24DF0 /* VotingDetailsViewController.swift */; };
		BFC2CFE62570080E00A24DF0 /* VotingDetailsViewController.xib in Resources */ = {isa = PBXBuildFile; fileRef = BFC2CFE42570080E00A24DF0 /* VotingDetailsViewController.xib */; };
		BFC2CFF22574E1F300A24DF0 /* RiksdagskollenTests.swift in Sources */ = {isa = PBXBuildFile; fileRef = BFC2CFF12574E1F300A24DF0 /* RiksdagskollenTests.swift */; };
		BFD8B1E225554D20001CEFB2 /* MasterViewController.swift in Sources */ = {isa = PBXBuildFile; fileRef = BFD8B1E125554D20001CEFB2 /* MasterViewController.swift */; };
/* End PBXBuildFile section */

/* Begin PBXContainerItemProxy section */
		BFC2CFF42574E1F300A24DF0 /* PBXContainerItemProxy */ = {
			isa = PBXContainerItemProxy;
			containerPortal = BF40396E25504E7D00D766F4 /* Project object */;
			proxyType = 1;
			remoteGlobalIDString = BF40397525504E7D00D766F4;
			remoteInfo = Riksdagskollen;
		};
/* End PBXContainerItemProxy section */

/* Begin PBXFileReference section */
		17491EBE81FDFAB40921E3B7 /* Pods-Riksdagskollen.debug.xcconfig */ = {isa = PBXFileReference; includeInIndex = 1; lastKnownFileType = text.xcconfig; name = "Pods-Riksdagskollen.debug.xcconfig"; path = "Target Support Files/Pods-Riksdagskollen/Pods-Riksdagskollen.debug.xcconfig"; sourceTree = "<group>"; };
		9DCC515499D237EA419DBEF5 /* Pods-Riksdagskollen.release.xcconfig */ = {isa = PBXFileReference; includeInIndex = 1; lastKnownFileType = text.xcconfig; name = "Pods-Riksdagskollen.release.xcconfig"; path = "Target Support Files/Pods-Riksdagskollen/Pods-Riksdagskollen.release.xcconfig"; sourceTree = "<group>"; };
		BF023D30255A889D00BF919D /* String.swift */ = {isa = PBXFileReference; lastKnownFileType = sourcecode.swift; path = String.swift; sourceTree = "<group>"; };
		BF3DA1F9255E6A230094F463 /* DecisionModel.swift */ = {isa = PBXFileReference; lastKnownFileType = sourcecode.swift; path = DecisionModel.swift; sourceTree = "<group>"; };
		BF3DA1FC255E6A410094F463 /* DecisionsTableViewCell.swift */ = {isa = PBXFileReference; lastKnownFileType = sourcecode.swift; path = DecisionsTableViewCell.swift; sourceTree = "<group>"; };
		BF3DA1FD255E6A410094F463 /* DecisionsTableViewCell.xib */ = {isa = PBXFileReference; lastKnownFileType = file.xib; path = DecisionsTableViewCell.xib; sourceTree = "<group>"; };
		BF3DA204255E6C260094F463 /* DecisionsService.swift */ = {isa = PBXFileReference; lastKnownFileType = sourcecode.swift; path = DecisionsService.swift; sourceTree = "<group>"; };
		BF3DA20D255E80A50094F463 /* DecisionDocument.swift */ = {isa = PBXFileReference; lastKnownFileType = sourcecode.swift; path = DecisionDocument.swift; sourceTree = "<group>"; };
		BF3FAD26256267C600261E5C /* ImageView.swift */ = {isa = PBXFileReference; lastKnownFileType = sourcecode.swift; path = ImageView.swift; sourceTree = "<group>"; };
		BF3FAD2D2562C9A400261E5C /* DecisionCategory.swift */ = {isa = PBXFileReference; lastKnownFileType = sourcecode.swift; path = DecisionCategory.swift; sourceTree = "<group>"; };
		BF3FAD352563C26400261E5C /* DebateFeedController.swift */ = {isa = PBXFileReference; lastKnownFileType = sourcecode.swift; path = DebateFeedController.swift; sourceTree = "<group>"; };
		BF3FAD382563C29B00261E5C /* DebateFeedModel.swift */ = {isa = PBXFileReference; lastKnownFileType = sourcecode.swift; path = DebateFeedModel.swift; sourceTree = "<group>"; };
		BF3FAD402563C35F00261E5C /* PartyDocument.swift */ = {isa = PBXFileReference; lastKnownFileType = sourcecode.swift; path = PartyDocument.swift; sourceTree = "<group>"; };
		BF3FAD432563C48C00261E5C /* Debate.swift */ = {isa = PBXFileReference; lastKnownFileType = sourcecode.swift; path = Debate.swift; sourceTree = "<group>"; };
		BF3FAD462563C49D00261E5C /* DebateStatement.swift */ = {isa = PBXFileReference; lastKnownFileType = sourcecode.swift; path = DebateStatement.swift; sourceTree = "<group>"; };
		BF3FAD492563C4A500261E5C /* Speech.swift */ = {isa = PBXFileReference; lastKnownFileType = sourcecode.swift; path = Speech.swift; sourceTree = "<group>"; };
		BF3FAD4C2563C5CF00261E5C /* DebateService.swift */ = {isa = PBXFileReference; lastKnownFileType = sourcecode.swift; path = DebateService.swift; sourceTree = "<group>"; };
		BF3FAD4F2563C6FE00261E5C /* DebateFeedTableViewCell.swift */ = {isa = PBXFileReference; lastKnownFileType = sourcecode.swift; path = DebateFeedTableViewCell.swift; sourceTree = "<group>"; };
		BF3FAD502563C6FE00261E5C /* DebateFeedTableViewCell.xib */ = {isa = PBXFileReference; lastKnownFileType = file.xib; path = DebateFeedTableViewCell.xib; sourceTree = "<group>"; };
		BF3FAD552563CA9A00261E5C /* DocumentType.swift */ = {isa = PBXFileReference; lastKnownFileType = sourcecode.swift; path = DocumentType.swift; sourceTree = "<group>"; };
		BF3FAD582563CDA600261E5C /* Parties.swift */ = {isa = PBXFileReference; lastKnownFileType = sourcecode.swift; path = Parties.swift; sourceTree = "<group>"; };
		BF3FAD5B2563DE4800261E5C /* StackView.swift */ = {isa = PBXFileReference; lastKnownFileType = sourcecode.swift; path = StackView.swift; sourceTree = "<group>"; };
		BF3FAD60256406D100261E5C /* RepresentativeService.swift */ = {isa = PBXFileReference; lastKnownFileType = sourcecode.swift; path = RepresentativeService.swift; sourceTree = "<group>"; };
		BF3FAD652564070900261E5C /* Representative.swift */ = {isa = PBXFileReference; lastKnownFileType = sourcecode.swift; path = Representative.swift; sourceTree = "<group>"; };
		BF3FAD69256507CA00261E5C /* PartyProfileImage.swift */ = {isa = PBXFileReference; lastKnownFileType = sourcecode.swift; path = PartyProfileImage.swift; sourceTree = "<group>"; };
		BF3FE28225555B160036AF2F /* MenuController.swift */ = {isa = PBXFileReference; lastKnownFileType = sourcecode.swift; path = MenuController.swift; sourceTree = "<group>"; };
		BF3FE28925555EAC0036AF2F /* MenuItemCell.swift */ = {isa = PBXFileReference; lastKnownFileType = sourcecode.swift; path = MenuItemCell.swift; sourceTree = "<group>"; };
		BF3FE28E255583B10036AF2F /* MenuItemCell.xib */ = {isa = PBXFileReference; lastKnownFileType = file.xib; path = MenuItemCell.xib; sourceTree = "<group>"; };
		BF40397625504E7D00D766F4 /* Riksdagskollen.app */ = {isa = PBXFileReference; explicitFileType = wrapper.application; includeInIndex = 0; path = Riksdagskollen.app; sourceTree = BUILT_PRODUCTS_DIR; };
		BF40397925504E7D00D766F4 /* AppDelegate.swift */ = {isa = PBXFileReference; lastKnownFileType = sourcecode.swift; path = AppDelegate.swift; sourceTree = "<group>"; };
		BF40397B25504E7D00D766F4 /* SceneDelegate.swift */ = {isa = PBXFileReference; lastKnownFileType = sourcecode.swift; path = SceneDelegate.swift; sourceTree = "<group>"; };
		BF40397D25504E7D00D766F4 /* NewsController.swift */ = {isa = PBXFileReference; lastKnownFileType = sourcecode.swift; path = NewsController.swift; sourceTree = "<group>"; };
		BF40398025504E7D00D766F4 /* Base */ = {isa = PBXFileReference; lastKnownFileType = file.storyboard; name = Base; path = Base.lproj/Main.storyboard; sourceTree = "<group>"; };
		BF40398225504E7E00D766F4 /* Assets.xcassets */ = {isa = PBXFileReference; lastKnownFileType = folder.assetcatalog; path = Assets.xcassets; sourceTree = "<group>"; };
		BF40398525504E7E00D766F4 /* Base */ = {isa = PBXFileReference; lastKnownFileType = file.storyboard; name = Base; path = Base.lproj/LaunchScreen.storyboard; sourceTree = "<group>"; };
		BF40398725504E7E00D766F4 /* Info.plist */ = {isa = PBXFileReference; lastKnownFileType = text.plist.xml; path = Info.plist; sourceTree = "<group>"; };
		BF40398F2550536000D766F4 /* Theme.swift */ = {isa = PBXFileReference; lastKnownFileType = sourcecode.swift; path = Theme.swift; sourceTree = "<group>"; };
		BF403992255056A200D766F4 /* ThemeManager.swift */ = {isa = PBXFileReference; lastKnownFileType = sourcecode.swift; path = ThemeManager.swift; sourceTree = "<group>"; };
		BF40399625505CD500D766F4 /* PushUp.swift */ = {isa = PBXFileReference; lastKnownFileType = sourcecode.swift; path = PushUp.swift; sourceTree = "<group>"; };
		BF40399A25505E6800D766F4 /* SplashController.swift */ = {isa = PBXFileReference; lastKnownFileType = sourcecode.swift; path = SplashController.swift; sourceTree = "<group>"; };
		BF5964062C3BFA7F2583EB4D /* Pods_Riksdagskollen.framework */ = {isa = PBXFileReference; explicitFileType = wrapper.framework; includeInIndex = 0; path = Pods_Riksdagskollen.framework; sourceTree = BUILT_PRODUCTS_DIR; };
		BF5C86E6256C0547003CC1E9 /* DebateReplayTableViewCell.swift */ = {isa = PBXFileReference; lastKnownFileType = sourcecode.swift; path = DebateReplayTableViewCell.swift; sourceTree = "<group>"; };
		BF5C86E7256C0547003CC1E9 /* DebateReplayOutgoingCell.xib */ = {isa = PBXFileReference; lastKnownFileType = file.xib; path = DebateReplayOutgoingCell.xib; sourceTree = "<group>"; };
		BF5C86EB256C0E09003CC1E9 /* DebateReplayModel.swift */ = {isa = PBXFileReference; lastKnownFileType = sourcecode.swift; path = DebateReplayModel.swift; sourceTree = "<group>"; };
		BF5C9AB825750199009F22BC /* VotingUtil.swift */ = {isa = PBXFileReference; lastKnownFileType = sourcecode.swift; path = VotingUtil.swift; sourceTree = "<group>"; };
		BF5C9ABC25750491009F22BC /* VoteResultTests.swift */ = {isa = PBXFileReference; lastKnownFileType = sourcecode.swift; path = VoteResultTests.swift; sourceTree = "<group>"; };
		BF62861D2575421B00BBBEB7 /* Label.swift */ = {isa = PBXFileReference; lastKnownFileType = sourcecode.swift; path = Label.swift; sourceTree = "<group>"; };
		BF628628257664BA00BBBEB7 /* PartyVoteResultView.swift */ = {isa = PBXFileReference; lastKnownFileType = sourcecode.swift; path = PartyVoteResultView.swift; sourceTree = "<group>"; };
		BF62863F2577D00700BBBEB7 /* LoadingAnimation.swift */ = {isa = PBXFileReference; lastKnownFileType = sourcecode.swift; path = LoadingAnimation.swift; sourceTree = "<group>"; };
		BF62864D25790CE300BBBEB7 /* LoadingOverlay.swift */ = {isa = PBXFileReference; lastKnownFileType = sourcecode.swift; path = LoadingOverlay.swift; sourceTree = "<group>"; };
		BF628654257A1DF200BBBEB7 /* DocumentReaderController.swift */ = {isa = PBXFileReference; lastKnownFileType = sourcecode.swift; path = DocumentReaderController.swift; sourceTree = "<group>"; };
		BF628655257A1DF200BBBEB7 /* DocumentReaderController.xib */ = {isa = PBXFileReference; lastKnownFileType = file.xib; path = DocumentReaderController.xib; sourceTree = "<group>"; };
		BF62865C257A272F00BBBEB7 /* DocumentHtmlView.swift */ = {isa = PBXFileReference; lastKnownFileType = sourcecode.swift; path = DocumentHtmlView.swift; sourceTree = "<group>"; };
		BF628660257A428B00BBBEB7 /* Collection.swift */ = {isa = PBXFileReference; lastKnownFileType = sourcecode.swift; path = Collection.swift; sourceTree = "<group>"; };
		BF71DC7F257E63F100011307 /* RepresentativesListController.swift */ = {isa = PBXFileReference; lastKnownFileType = sourcecode.swift; path = RepresentativesListController.swift; sourceTree = "<group>"; };
		BF71DC85257E65EA00011307 /* RepresentativeTableViewCell.swift */ = {isa = PBXFileReference; lastKnownFileType = sourcecode.swift; path = RepresentativeTableViewCell.swift; sourceTree = "<group>"; };
		BF71DC86257E65EA00011307 /* RepresentativeTableViewCell.xib */ = {isa = PBXFileReference; lastKnownFileType = file.xib; path = RepresentativeTableViewCell.xib; sourceTree = "<group>"; };
		BF71DCB0257FB2E500011307 /* RepresentativesListModel.swift */ = {isa = PBXFileReference; lastKnownFileType = sourcecode.swift; path = RepresentativesListModel.swift; sourceTree = "<group>"; };
		BF71DCB42580D00200011307 /* Image.swift */ = {isa = PBXFileReference; lastKnownFileType = sourcecode.swift; path = Image.swift; sourceTree = "<group>"; };
		BF7B6C9D255C298600AD70B3 /* NewsItemTableViewCell.swift */ = {isa = PBXFileReference; lastKnownFileType = sourcecode.swift; path = NewsItemTableViewCell.swift; sourceTree = "<group>"; };
		BF7B6C9E255C298600AD70B3 /* NewsItemTableViewCell.xib */ = {isa = PBXFileReference; lastKnownFileType = file.xib; path = NewsItemTableViewCell.xib; sourceTree = "<group>"; };
		BF7B6CA9255D4DE400AD70B3 /* SettingsController.swift */ = {isa = PBXFileReference; lastKnownFileType = sourcecode.swift; path = SettingsController.swift; sourceTree = "<group>"; };
		BF7B6CBB255D802700AD70B3 /* ThemeComponents.swift */ = {isa = PBXFileReference; lastKnownFileType = sourcecode.swift; path = ThemeComponents.swift; sourceTree = "<group>"; };
		BF7F603B255889D400D2959F /* Font.swift */ = {isa = PBXFileReference; lastKnownFileType = sourcecode.swift; path = Font.swift; sourceTree = "<group>"; };
		BF7F603F25588D2100D2959F /* NewsDocument.swift */ = {isa = PBXFileReference; lastKnownFileType = sourcecode.swift; path = NewsDocument.swift; sourceTree = "<group>"; };
		BF7F6043255963E100D2959F /* NewsModel.swift */ = {isa = PBXFileReference; lastKnownFileType = sourcecode.swift; path = NewsModel.swift; sourceTree = "<group>"; };
		BF7F604A2559793900D2959F /* NewsService.swift */ = {isa = PBXFileReference; lastKnownFileType = sourcecode.swift; path = NewsService.swift; sourceTree = "<group>"; };
		BF7F605325597FF300D2959F /* RiksdagenBaseService.swift */ = {isa = PBXFileReference; lastKnownFileType = sourcecode.swift; path = RiksdagenBaseService.swift; sourceTree = "<group>"; };
		BF88BA55256EA8F60028BF66 /* DebateReplayIncomingCell.xib */ = {isa = PBXFileReference; lastKnownFileType = file.xib; path = DebateReplayIncomingCell.xib; sourceTree = "<group>"; };
		BF88BA59256F976F0028BF66 /* Toast.swift */ = {isa = PBXFileReference; lastKnownFileType = sourcecode.swift; path = Toast.swift; sourceTree = "<group>"; };
		BF88BA5D256FA4060028BF66 /* VotingFeedController.swift */ = {isa = PBXFileReference; lastKnownFileType = sourcecode.swift; path = VotingFeedController.swift; sourceTree = "<group>"; };
		BF88BA63256FA5D40028BF66 /* VotingFeedModel.swift */ = {isa = PBXFileReference; lastKnownFileType = sourcecode.swift; path = VotingFeedModel.swift; sourceTree = "<group>"; };
		BF88BA66256FA6FB0028BF66 /* VotesService.swift */ = {isa = PBXFileReference; fileEncoding = 4; lastKnownFileType = sourcecode.swift; path = VotesService.swift; sourceTree = "<group>"; };
		BF88BA69256FAAE00028BF66 /* VotingFeedTableViewCell.swift */ = {isa = PBXFileReference; lastKnownFileType = sourcecode.swift; path = VotingFeedTableViewCell.swift; sourceTree = "<group>"; };
		BF88BA6A256FAAE00028BF66 /* VotingFeedTableViewCell.xib */ = {isa = PBXFileReference; lastKnownFileType = file.xib; path = VotingFeedTableViewCell.xib; sourceTree = "<group>"; };
		BF8BE5C92552F9150016C85A /* DecisionsController.swift */ = {isa = PBXFileReference; lastKnownFileType = sourcecode.swift; path = DecisionsController.swift; sourceTree = "<group>"; };
		BF8BE5CF2553143F0016C85A /* CustomScrollView.swift */ = {isa = PBXFileReference; lastKnownFileType = sourcecode.swift; path = CustomScrollView.swift; sourceTree = "<group>"; };
		BF99F22C257A6880001CD2BF /* motion_style.css */ = {isa = PBXFileReference; fileEncoding = 4; lastKnownFileType = text.css; path = motion_style.css; sourceTree = "<group>"; };
		BF99F22D257A6880001CD2BF /* motion_style_white.css */ = {isa = PBXFileReference; fileEncoding = 4; lastKnownFileType = text.css; path = motion_style_white.css; sourceTree = "<group>"; };
		BF99F22E257A6880001CD2BF /* motion_style_black.css */ = {isa = PBXFileReference; fileEncoding = 4; lastKnownFileType = text.css; path = motion_style_black.css; sourceTree = "<group>"; };
		BFB6C7042565390000FF2708 /* DebateReplayViewController.swift */ = {isa = PBXFileReference; lastKnownFileType = sourcecode.swift; path = DebateReplayViewController.swift; sourceTree = "<group>"; };
		BFB6C7052565390000FF2708 /* DebateReplayViewController.xib */ = {isa = PBXFileReference; lastKnownFileType = file.xib; path = DebateReplayViewController.xib; sourceTree = "<group>"; };
		BFB6C70925653B2200FF2708 /* RepresentativeManager.swift */ = {isa = PBXFileReference; lastKnownFileType = sourcecode.swift; path = RepresentativeManager.swift; sourceTree = "<group>"; };
		BFB6C70C2565681800FF2708 /* SpeechBubble.swift */ = {isa = PBXFileReference; lastKnownFileType = sourcecode.swift; path = SpeechBubble.swift; sourceTree = "<group>"; };
		BFC2CFC6256FB34800A24DF0 /* VotingDocument.swift */ = {isa = PBXFileReference; lastKnownFileType = sourcecode.swift; path = VotingDocument.swift; sourceTree = "<group>"; };
		BFC2CFC9256FB6BC00A24DF0 /* VoteResult.swift */ = {isa = PBXFileReference; lastKnownFileType = sourcecode.swift; path = VoteResult.swift; sourceTree = "<group>"; };
		BFC2CFE32570080E00A24DF0 /* VotingDetailsViewController.swift */ = {isa = PBXFileReference; lastKnownFileType = sourcecode.swift; path = VotingDetailsViewController.swift; sourceTree = "<group>"; };
		BFC2CFE42570080E00A24DF0 /* VotingDetailsViewController.xib */ = {isa = PBXFileReference; lastKnownFileType = file.xib; path = VotingDetailsViewController.xib; sourceTree = "<group>"; };
		BFC2CFEF2574E1F300A24DF0 /* RiksdagskollenTests.xctest */ = {isa = PBXFileReference; explicitFileType = wrapper.cfbundle; includeInIndex = 0; path = RiksdagskollenTests.xctest; sourceTree = BUILT_PRODUCTS_DIR; };
		BFC2CFF12574E1F300A24DF0 /* RiksdagskollenTests.swift */ = {isa = PBXFileReference; lastKnownFileType = sourcecode.swift; path = RiksdagskollenTests.swift; sourceTree = "<group>"; };
		BFC2CFF32574E1F300A24DF0 /* Info.plist */ = {isa = PBXFileReference; lastKnownFileType = text.plist.xml; path = Info.plist; sourceTree = "<group>"; };
		BFD8B1E125554D20001CEFB2 /* MasterViewController.swift */ = {isa = PBXFileReference; lastKnownFileType = sourcecode.swift; path = MasterViewController.swift; sourceTree = "<group>"; };
/* End PBXFileReference section */

/* Begin PBXFrameworksBuildPhase section */
		BF40397325504E7D00D766F4 /* Frameworks */ = {
			isa = PBXFrameworksBuildPhase;
			buildActionMask = 2147483647;
			files = (
				B655B04380982B055F7581A9 /* Pods_Riksdagskollen.framework in Frameworks */,
			);
			runOnlyForDeploymentPostprocessing = 0;
		};
		BFC2CFEC2574E1F300A24DF0 /* Frameworks */ = {
			isa = PBXFrameworksBuildPhase;
			buildActionMask = 2147483647;
			files = (
			);
			runOnlyForDeploymentPostprocessing = 0;
		};
/* End PBXFrameworksBuildPhase section */

/* Begin PBXGroup section */
		47E979B9B8E31F228120D1B5 /* Pods */ = {
			isa = PBXGroup;
			children = (
				17491EBE81FDFAB40921E3B7 /* Pods-Riksdagskollen.debug.xcconfig */,
				9DCC515499D237EA419DBEF5 /* Pods-Riksdagskollen.release.xcconfig */,
			);
			path = Pods;
			sourceTree = "<group>";
		};
		BF3DA201255E6AD10094F463 /* extensions */ = {
			isa = PBXGroup;
			children = (
				BF7F603B255889D400D2959F /* Font.swift */,
				BF023D30255A889D00BF919D /* String.swift */,
				BF3FAD26256267C600261E5C /* ImageView.swift */,
				BF3FAD5B2563DE4800261E5C /* StackView.swift */,
				BF62861D2575421B00BBBEB7 /* Label.swift */,
				BF628660257A428B00BBBEB7 /* Collection.swift */,
				BF71DCB42580D00200011307 /* Image.swift */,
			);
			path = extensions;
			sourceTree = "<group>";
		};
		BF3DA20C255E80950094F463 /* data */ = {
			isa = PBXGroup;
			children = (
				BF3DA20D255E80A50094F463 /* DecisionDocument.swift */,
				BF3FAD2D2562C9A400261E5C /* DecisionCategory.swift */,
			);
			path = data;
			sourceTree = "<group>";
		};
		BF3FAD302563BA9300261E5C /* debate */ = {
			isa = PBXGroup;
			children = (
				BF3FAD3C2563C2B000261E5C /* data */,
				BF3FAD342563C22A00261E5C /* replay */,
				BF3FAD332563C22500261E5C /* feed */,
			);
			path = debate;
			sourceTree = "<group>";
		};
		BF3FAD332563C22500261E5C /* feed */ = {
			isa = PBXGroup;
			children = (
				BF3FAD352563C26400261E5C /* DebateFeedController.swift */,
				BF3FAD382563C29B00261E5C /* DebateFeedModel.swift */,
				BF3FAD4F2563C6FE00261E5C /* DebateFeedTableViewCell.swift */,
				BF3FAD502563C6FE00261E5C /* DebateFeedTableViewCell.xib */,
			);
			path = feed;
			sourceTree = "<group>";
		};
		BF3FAD342563C22A00261E5C /* replay */ = {
			isa = PBXGroup;
			children = (
				BFB6C7042565390000FF2708 /* DebateReplayViewController.swift */,
				BFB6C7052565390000FF2708 /* DebateReplayViewController.xib */,
				BFB6C70C2565681800FF2708 /* SpeechBubble.swift */,
				BF5C86E6256C0547003CC1E9 /* DebateReplayTableViewCell.swift */,
				BF5C86E7256C0547003CC1E9 /* DebateReplayOutgoingCell.xib */,
				BF88BA55256EA8F60028BF66 /* DebateReplayIncomingCell.xib */,
				BF5C86EB256C0E09003CC1E9 /* DebateReplayModel.swift */,
			);
			path = replay;
			sourceTree = "<group>";
		};
		BF3FAD3C2563C2B000261E5C /* data */ = {
			isa = PBXGroup;
			children = (
				BF3FAD432563C48C00261E5C /* Debate.swift */,
				BF3FAD462563C49D00261E5C /* DebateStatement.swift */,
				BF3FAD492563C4A500261E5C /* Speech.swift */,
			);
			path = data;
			sourceTree = "<group>";
		};
		BF3FAD3E2563C34800261E5C /* shared */ = {
			isa = PBXGroup;
			children = (
				BF99F22A257A6850001CD2BF /* documentReader */,
				BF3FAD682565066500261E5C /* views */,
				BF3FAD542563CA7800261E5C /* static */,
				BF3FAD3F2563C35200261E5C /* data */,
			);
			path = shared;
			sourceTree = "<group>";
		};
		BF3FAD3F2563C35200261E5C /* data */ = {
			isa = PBXGroup;
			children = (
				BF3FAD402563C35F00261E5C /* PartyDocument.swift */,
			);
			path = data;
			sourceTree = "<group>";
		};
		BF3FAD542563CA7800261E5C /* static */ = {
			isa = PBXGroup;
			children = (
				BF3FAD552563CA9A00261E5C /* DocumentType.swift */,
				BF3FAD582563CDA600261E5C /* Parties.swift */,
			);
			path = static;
			sourceTree = "<group>";
		};
		BF3FAD63256406F400261E5C /* representatives */ = {
			isa = PBXGroup;
			children = (
				BF71DC7E257E63D200011307 /* list */,
				BF3FAD64256406FD00261E5C /* data */,
				BFB6C70925653B2200FF2708 /* RepresentativeManager.swift */,
			);
			path = representatives;
			sourceTree = "<group>";
		};
		BF3FAD64256406FD00261E5C /* data */ = {
			isa = PBXGroup;
			children = (
				BF3FAD652564070900261E5C /* Representative.swift */,
			);
			path = data;
			sourceTree = "<group>";
		};
		BF3FAD682565066500261E5C /* views */ = {
			isa = PBXGroup;
			children = (
				BF3FAD69256507CA00261E5C /* PartyProfileImage.swift */,
				BF88BA59256F976F0028BF66 /* Toast.swift */,
				BF62863F2577D00700BBBEB7 /* LoadingAnimation.swift */,
				BF62864D25790CE300BBBEB7 /* LoadingOverlay.swift */,
			);
			path = views;
			sourceTree = "<group>";
		};
		BF40396D25504E7D00D766F4 = {
			isa = PBXGroup;
			children = (
				BF40397825504E7D00D766F4 /* Riksdagskollen */,
				BFC2CFF02574E1F300A24DF0 /* RiksdagskollenTests */,
				BF40397725504E7D00D766F4 /* Products */,
				47E979B9B8E31F228120D1B5 /* Pods */,
				D4C2B2ED704F7549323E7B9F /* Frameworks */,
			);
			sourceTree = "<group>";
		};
		BF40397725504E7D00D766F4 /* Products */ = {
			isa = PBXGroup;
			children = (
				BF40397625504E7D00D766F4 /* Riksdagskollen.app */,
				BFC2CFEF2574E1F300A24DF0 /* RiksdagskollenTests.xctest */,
			);
			name = Products;
			sourceTree = "<group>";
		};
		BF40397825504E7D00D766F4 /* Riksdagskollen */ = {
			isa = PBXGroup;
			children = (
				BF88BA5C256FA39E0028BF66 /* votes */,
				BF3FAD63256406F400261E5C /* representatives */,
				BF3FAD3E2563C34800261E5C /* shared */,
				BF3FAD302563BA9300261E5C /* debate */,
				BF7B6CA8255D4DC700AD70B3 /* settings */,
				BF7F605125597FCA00D2959F /* networking */,
				BF7F603A255889C600D2959F /* utils */,
				BF8BE5C82552F8FB0016C85A /* decisions */,
				BF8BE5C72552F8970016C85A /* news */,
				BFE4B1532552DCC400259BB2 /* navigation */,
				BF40398E255052A500D766F4 /* theme */,
				BF40397925504E7D00D766F4 /* AppDelegate.swift */,
				BF40397B25504E7D00D766F4 /* SceneDelegate.swift */,
				BF40397F25504E7D00D766F4 /* Main.storyboard */,
				BF40398225504E7E00D766F4 /* Assets.xcassets */,
				BF40398425504E7E00D766F4 /* LaunchScreen.storyboard */,
				BF40398725504E7E00D766F4 /* Info.plist */,
				BFD8B1E125554D20001CEFB2 /* MasterViewController.swift */,
			);
			path = Riksdagskollen;
			sourceTree = "<group>";
		};
		BF40398E255052A500D766F4 /* theme */ = {
			isa = PBXGroup;
			children = (
				BF40398F2550536000D766F4 /* Theme.swift */,
				BF403992255056A200D766F4 /* ThemeManager.swift */,
				BF7B6CBB255D802700AD70B3 /* ThemeComponents.swift */,
			);
			path = theme;
			sourceTree = "<group>";
		};
		BF40399525505CB700D766F4 /* segues */ = {
			isa = PBXGroup;
			children = (
				BF40399625505CD500D766F4 /* PushUp.swift */,
			);
			path = segues;
			sourceTree = "<group>";
		};
		BF5C9AB72575017D009F22BC /* util */ = {
			isa = PBXGroup;
			children = (
				BF5C9AB825750199009F22BC /* VotingUtil.swift */,
			);
			path = util;
			sourceTree = "<group>";
		};
		BF71DC7E257E63D200011307 /* list */ = {
			isa = PBXGroup;
			children = (
				BF71DC7F257E63F100011307 /* RepresentativesListController.swift */,
				BF71DC85257E65EA00011307 /* RepresentativeTableViewCell.swift */,
				BF71DC86257E65EA00011307 /* RepresentativeTableViewCell.xib */,
				BF71DCB0257FB2E500011307 /* RepresentativesListModel.swift */,
			);
			path = list;
			sourceTree = "<group>";
		};
		BF7B6CA8255D4DC700AD70B3 /* settings */ = {
			isa = PBXGroup;
			children = (
				BF7B6CA9255D4DE400AD70B3 /* SettingsController.swift */,
			);
			path = settings;
			sourceTree = "<group>";
		};
		BF7F603A255889C600D2959F /* utils */ = {
			isa = PBXGroup;
			children = (
				BF3DA201255E6AD10094F463 /* extensions */,
			);
			path = utils;
			sourceTree = "<group>";
		};
		BF7F603E25588CA700D2959F /* data */ = {
			isa = PBXGroup;
			children = (
				BF7F603F25588D2100D2959F /* NewsDocument.swift */,
			);
			path = data;
			sourceTree = "<group>";
		};
		BF7F605125597FCA00D2959F /* networking */ = {
			isa = PBXGroup;
			children = (
				BF7F605225597FD600D2959F /* service */,
			);
			path = networking;
			sourceTree = "<group>";
		};
		BF7F605225597FD600D2959F /* service */ = {
			isa = PBXGroup;
			children = (
				BF7F605325597FF300D2959F /* RiksdagenBaseService.swift */,
				BF7F604A2559793900D2959F /* NewsService.swift */,
				BF3DA204255E6C260094F463 /* DecisionsService.swift */,
				BF3FAD4C2563C5CF00261E5C /* DebateService.swift */,
				BF3FAD60256406D100261E5C /* RepresentativeService.swift */,
				BF88BA66256FA6FB0028BF66 /* VotesService.swift */,
			);
			path = service;
			sourceTree = "<group>";
		};
		BF88BA5C256FA39E0028BF66 /* votes */ = {
			isa = PBXGroup;
			children = (
				BF5C9AB72575017D009F22BC /* util */,
				BFC2CFD2257003E000A24DF0 /* details */,
				BFC2CFC5256FB33200A24DF0 /* data */,
				BF88BA61256FA4110028BF66 /* feed */,
			);
			path = votes;
			sourceTree = "<group>";
		};
		BF88BA61256FA4110028BF66 /* feed */ = {
			isa = PBXGroup;
			children = (
				BF88BA5D256FA4060028BF66 /* VotingFeedController.swift */,
				BF88BA63256FA5D40028BF66 /* VotingFeedModel.swift */,
				BF88BA69256FAAE00028BF66 /* VotingFeedTableViewCell.swift */,
				BF88BA6A256FAAE00028BF66 /* VotingFeedTableViewCell.xib */,
			);
			path = feed;
			sourceTree = "<group>";
		};
		BF8BE5C72552F8970016C85A /* news */ = {
			isa = PBXGroup;
			children = (
				BF7F603E25588CA700D2959F /* data */,
				BF40397D25504E7D00D766F4 /* NewsController.swift */,
				BF7F6043255963E100D2959F /* NewsModel.swift */,
				BF7B6C9D255C298600AD70B3 /* NewsItemTableViewCell.swift */,
				BF7B6C9E255C298600AD70B3 /* NewsItemTableViewCell.xib */,
			);
			path = news;
			sourceTree = "<group>";
		};
		BF8BE5C82552F8FB0016C85A /* decisions */ = {
			isa = PBXGroup;
			children = (
				BF3DA20C255E80950094F463 /* data */,
				BF8BE5C92552F9150016C85A /* DecisionsController.swift */,
				BF3DA1F9255E6A230094F463 /* DecisionModel.swift */,
				BF3DA1FC255E6A410094F463 /* DecisionsTableViewCell.swift */,
				BF3DA1FD255E6A410094F463 /* DecisionsTableViewCell.xib */,
			);
			path = decisions;
			sourceTree = "<group>";
		};
		BF8BE5CE2553142D0016C85A /* drawer */ = {
			isa = PBXGroup;
			children = (
				BF8BE5CF2553143F0016C85A /* CustomScrollView.swift */,
				BF3FE28225555B160036AF2F /* MenuController.swift */,
				BF3FE28925555EAC0036AF2F /* MenuItemCell.swift */,
				BF3FE28E255583B10036AF2F /* MenuItemCell.xib */,
			);
			path = drawer;
			sourceTree = "<group>";
		};
		BF99F22A257A6850001CD2BF /* documentReader */ = {
			isa = PBXGroup;
			children = (
				BF99F22B257A6863001CD2BF /* css */,
				BF628654257A1DF200BBBEB7 /* DocumentReaderController.swift */,
				BF628655257A1DF200BBBEB7 /* DocumentReaderController.xib */,
				BF62865C257A272F00BBBEB7 /* DocumentHtmlView.swift */,
			);
			path = documentReader;
			sourceTree = "<group>";
		};
		BF99F22B257A6863001CD2BF /* css */ = {
			isa = PBXGroup;
			children = (
				BF99F22E257A6880001CD2BF /* motion_style_black.css */,
				BF99F22D257A6880001CD2BF /* motion_style_white.css */,
				BF99F22C257A6880001CD2BF /* motion_style.css */,
			);
			path = css;
			sourceTree = "<group>";
		};
		BFC2CFC5256FB33200A24DF0 /* data */ = {
			isa = PBXGroup;
			children = (
				BFC2CFC6256FB34800A24DF0 /* VotingDocument.swift */,
				BFC2CFC9256FB6BC00A24DF0 /* VoteResult.swift */,
			);
			path = data;
			sourceTree = "<group>";
		};
		BFC2CFD2257003E000A24DF0 /* details */ = {
			isa = PBXGroup;
			children = (
				BFC2CFE32570080E00A24DF0 /* VotingDetailsViewController.swift */,
				BFC2CFE42570080E00A24DF0 /* VotingDetailsViewController.xib */,
				BF628628257664BA00BBBEB7 /* PartyVoteResultView.swift */,
			);
			path = details;
			sourceTree = "<group>";
		};
		BFC2CFF02574E1F300A24DF0 /* RiksdagskollenTests */ = {
			isa = PBXGroup;
			children = (
				BF5C9ABC25750491009F22BC /* VoteResultTests.swift */,
				BFC2CFF12574E1F300A24DF0 /* RiksdagskollenTests.swift */,
				BFC2CFF32574E1F300A24DF0 /* Info.plist */,
			);
			path = RiksdagskollenTests;
			sourceTree = "<group>";
		};
		BFE4B1532552DCC400259BB2 /* navigation */ = {
			isa = PBXGroup;
			children = (
				BF40399A25505E6800D766F4 /* SplashController.swift */,
				BF8BE5CE2553142D0016C85A /* drawer */,
				BF40399525505CB700D766F4 /* segues */,
			);
			path = navigation;
			sourceTree = "<group>";
		};
		D4C2B2ED704F7549323E7B9F /* Frameworks */ = {
			isa = PBXGroup;
			children = (
				BF5964062C3BFA7F2583EB4D /* Pods_Riksdagskollen.framework */,
			);
			name = Frameworks;
			sourceTree = "<group>";
		};
/* End PBXGroup section */

/* Begin PBXNativeTarget section */
		BF40397525504E7D00D766F4 /* Riksdagskollen */ = {
			isa = PBXNativeTarget;
			buildConfigurationList = BF40398A25504E7E00D766F4 /* Build configuration list for PBXNativeTarget "Riksdagskollen" */;
			buildPhases = (
				5C9208D2733DF014E0247513 /* [CP] Check Pods Manifest.lock */,
				BF40397225504E7D00D766F4 /* Sources */,
				BF40397325504E7D00D766F4 /* Frameworks */,
				BF40397425504E7D00D766F4 /* Resources */,
				D8428222920F1C1CFA9B61F2 /* [CP] Embed Pods Frameworks */,
			);
			buildRules = (
			);
			dependencies = (
			);
			name = Riksdagskollen;
			productName = Riksdagskollen;
			productReference = BF40397625504E7D00D766F4 /* Riksdagskollen.app */;
			productType = "com.apple.product-type.application";
		};
		BFC2CFEE2574E1F300A24DF0 /* RiksdagskollenTests */ = {
			isa = PBXNativeTarget;
			buildConfigurationList = BFC2CFF62574E1F300A24DF0 /* Build configuration list for PBXNativeTarget "RiksdagskollenTests" */;
			buildPhases = (
				BFC2CFEB2574E1F300A24DF0 /* Sources */,
				BFC2CFEC2574E1F300A24DF0 /* Frameworks */,
				BFC2CFED2574E1F300A24DF0 /* Resources */,
			);
			buildRules = (
			);
			dependencies = (
				BFC2CFF52574E1F300A24DF0 /* PBXTargetDependency */,
			);
			name = RiksdagskollenTests;
			productName = RiksdagskollenTests;
			productReference = BFC2CFEF2574E1F300A24DF0 /* RiksdagskollenTests.xctest */;
			productType = "com.apple.product-type.bundle.unit-test";
		};
/* End PBXNativeTarget section */

/* Begin PBXProject section */
		BF40396E25504E7D00D766F4 /* Project object */ = {
			isa = PBXProject;
			attributes = {
				LastSwiftUpdateCheck = 1210;
				LastUpgradeCheck = 1210;
				TargetAttributes = {
					BF40397525504E7D00D766F4 = {
						CreatedOnToolsVersion = 12.1;
					};
					BFC2CFEE2574E1F300A24DF0 = {
						CreatedOnToolsVersion = 12.1;
						TestTargetID = BF40397525504E7D00D766F4;
					};
				};
			};
			buildConfigurationList = BF40397125504E7D00D766F4 /* Build configuration list for PBXProject "Riksdagskollen" */;
			compatibilityVersion = "Xcode 9.3";
			developmentRegion = en;
			hasScannedForEncodings = 0;
			knownRegions = (
				en,
				Base,
			);
			mainGroup = BF40396D25504E7D00D766F4;
			productRefGroup = BF40397725504E7D00D766F4 /* Products */;
			projectDirPath = "";
			projectRoot = "";
			targets = (
				BF40397525504E7D00D766F4 /* Riksdagskollen */,
				BFC2CFEE2574E1F300A24DF0 /* RiksdagskollenTests */,
			);
		};
/* End PBXProject section */

/* Begin PBXResourcesBuildPhase section */
		BF40397425504E7D00D766F4 /* Resources */ = {
			isa = PBXResourcesBuildPhase;
			buildActionMask = 2147483647;
			files = (
				BF88BA6C256FAAE00028BF66 /* VotingFeedTableViewCell.xib in Resources */,
				BF5C86E9256C0547003CC1E9 /* DebateReplayOutgoingCell.xib in Resources */,
				BFB6C7072565390000FF2708 /* DebateReplayViewController.xib in Resources */,
				BF99F22F257A6880001CD2BF /* motion_style.css in Resources */,
				BF71DC88257E65EA00011307 /* RepresentativeTableViewCell.xib in Resources */,
				BF99F230257A6880001CD2BF /* motion_style_white.css in Resources */,
				BF40398625504E7E00D766F4 /* LaunchScreen.storyboard in Resources */,
				BF88BA56256EA8F60028BF66 /* DebateReplayIncomingCell.xib in Resources */,
				BF3DA1FF255E6A410094F463 /* DecisionsTableViewCell.xib in Resources */,
				BF3FE28F255583B10036AF2F /* MenuItemCell.xib in Resources */,
				BF40398325504E7E00D766F4 /* Assets.xcassets in Resources */,
				BFC2CFE62570080E00A24DF0 /* VotingDetailsViewController.xib in Resources */,
				BF628657257A1DF200BBBEB7 /* DocumentReaderController.xib in Resources */,
				BF40398125504E7D00D766F4 /* Main.storyboard in Resources */,
				BF3FAD522563C6FE00261E5C /* DebateFeedTableViewCell.xib in Resources */,
				BF7B6CA0255C298600AD70B3 /* NewsItemTableViewCell.xib in Resources */,
				BF99F231257A6880001CD2BF /* motion_style_black.css in Resources */,
			);
			runOnlyForDeploymentPostprocessing = 0;
		};
		BFC2CFED2574E1F300A24DF0 /* Resources */ = {
			isa = PBXResourcesBuildPhase;
			buildActionMask = 2147483647;
			files = (
			);
			runOnlyForDeploymentPostprocessing = 0;
		};
/* End PBXResourcesBuildPhase section */

/* Begin PBXShellScriptBuildPhase section */
		5C9208D2733DF014E0247513 /* [CP] Check Pods Manifest.lock */ = {
			isa = PBXShellScriptBuildPhase;
			buildActionMask = 2147483647;
			files = (
			);
			inputFileListPaths = (
			);
			inputPaths = (
				"${PODS_PODFILE_DIR_PATH}/Podfile.lock",
				"${PODS_ROOT}/Manifest.lock",
			);
			name = "[CP] Check Pods Manifest.lock";
			outputFileListPaths = (
			);
			outputPaths = (
				"$(DERIVED_FILE_DIR)/Pods-Riksdagskollen-checkManifestLockResult.txt",
			);
			runOnlyForDeploymentPostprocessing = 0;
			shellPath = /bin/sh;
			shellScript = "diff \"${PODS_PODFILE_DIR_PATH}/Podfile.lock\" \"${PODS_ROOT}/Manifest.lock\" > /dev/null\nif [ $? != 0 ] ; then\n    # print error to STDERR\n    echo \"error: The sandbox is not in sync with the Podfile.lock. Run 'pod install' or update your CocoaPods installation.\" >&2\n    exit 1\nfi\n# This output is used by Xcode 'outputs' to avoid re-running this script phase.\necho \"SUCCESS\" > \"${SCRIPT_OUTPUT_FILE_0}\"\n";
			showEnvVarsInLog = 0;
		};
		D8428222920F1C1CFA9B61F2 /* [CP] Embed Pods Frameworks */ = {
			isa = PBXShellScriptBuildPhase;
			buildActionMask = 2147483647;
			files = (
			);
			inputFileListPaths = (
				"${PODS_ROOT}/Target Support Files/Pods-Riksdagskollen/Pods-Riksdagskollen-frameworks-${CONFIGURATION}-input-files.xcfilelist",
			);
			name = "[CP] Embed Pods Frameworks";
			outputFileListPaths = (
				"${PODS_ROOT}/Target Support Files/Pods-Riksdagskollen/Pods-Riksdagskollen-frameworks-${CONFIGURATION}-output-files.xcfilelist",
			);
			runOnlyForDeploymentPostprocessing = 0;
			shellPath = /bin/sh;
			shellScript = "\"${PODS_ROOT}/Target Support Files/Pods-Riksdagskollen/Pods-Riksdagskollen-frameworks.sh\"\n";
			showEnvVarsInLog = 0;
		};
/* End PBXShellScriptBuildPhase section */

/* Begin PBXSourcesBuildPhase section */
		BF40397225504E7D00D766F4 /* Sources */ = {
			isa = PBXSourcesBuildPhase;
			buildActionMask = 2147483647;
			files = (
				BF40399725505CD500D766F4 /* PushUp.swift in Sources */,
				BF71DC80257E63F100011307 /* RepresentativesListController.swift in Sources */,
				BFB6C70D2565681800FF2708 /* SpeechBubble.swift in Sources */,
				BFC2CFC7256FB34800A24DF0 /* VotingDocument.swift in Sources */,
				BF3DA1FE255E6A410094F463 /* DecisionsTableViewCell.swift in Sources */,
				BFB6C7062565390000FF2708 /* DebateReplayViewController.swift in Sources */,
				BF7F604B2559793900D2959F /* NewsService.swift in Sources */,
				BF7F604025588D2100D2959F /* NewsDocument.swift in Sources */,
				BF3FAD27256267C600261E5C /* ImageView.swift in Sources */,
				BF62864E25790CE300BBBEB7 /* LoadingOverlay.swift in Sources */,
				BF628661257A428B00BBBEB7 /* Collection.swift in Sources */,
				BF7B6CAA255D4DE400AD70B3 /* SettingsController.swift in Sources */,
				BF88BA5A256F976F0028BF66 /* Toast.swift in Sources */,
				BF7B6C9F255C298600AD70B3 /* NewsItemTableViewCell.swift in Sources */,
				BF3FAD512563C6FE00261E5C /* DebateFeedTableViewCell.swift in Sources */,
				BF3FAD662564070900261E5C /* Representative.swift in Sources */,
				BF3FAD412563C35F00261E5C /* PartyDocument.swift in Sources */,
				BF3FAD4D2563C5CF00261E5C /* DebateService.swift in Sources */,
				BF3FAD592563CDA600261E5C /* Parties.swift in Sources */,
				BF5C9AB925750199009F22BC /* VotingUtil.swift in Sources */,
				BF3DA1FA255E6A230094F463 /* DecisionModel.swift in Sources */,
				BF8BE5D02553143F0016C85A /* CustomScrollView.swift in Sources */,
				BF71DCB1257FB2E500011307 /* RepresentativesListModel.swift in Sources */,
				BF88BA67256FA6FB0028BF66 /* VotesService.swift in Sources */,
				BF3FAD6A256507CA00261E5C /* PartyProfileImage.swift in Sources */,
				BF88BA64256FA5D40028BF66 /* VotingFeedModel.swift in Sources */,
				BF3FAD472563C49D00261E5C /* DebateStatement.swift in Sources */,
				BFC2CFE52570080E00A24DF0 /* VotingDetailsViewController.swift in Sources */,
				BFB6C70A25653B2200FF2708 /* RepresentativeManager.swift in Sources */,
				BF6286402577D00700BBBEB7 /* LoadingAnimation.swift in Sources */,
				BF7F603C255889D400D2959F /* Font.swift in Sources */,
				BF71DCB52580D00200011307 /* Image.swift in Sources */,
				BF5C86E8256C0547003CC1E9 /* DebateReplayTableViewCell.swift in Sources */,
				BF3FAD2E2562C9A400261E5C /* DecisionCategory.swift in Sources */,
				BF88BA6B256FAAE00028BF66 /* VotingFeedTableViewCell.swift in Sources */,
				BF40397E25504E7D00D766F4 /* NewsController.swift in Sources */,
				BF3FAD5C2563DE4800261E5C /* StackView.swift in Sources */,
				BF7B6CBC255D802700AD70B3 /* ThemeComponents.swift in Sources */,
				BF3DA205255E6C260094F463 /* DecisionsService.swift in Sources */,
				BF3FAD562563CA9A00261E5C /* DocumentType.swift in Sources */,
				BFD8B1E225554D20001CEFB2 /* MasterViewController.swift in Sources */,
				BF023D31255A889D00BF919D /* String.swift in Sources */,
				BF5C86EC256C0E09003CC1E9 /* DebateReplayModel.swift in Sources */,
				BF4039902550536000D766F4 /* Theme.swift in Sources */,
				BF7F6044255963E100D2959F /* NewsModel.swift in Sources */,
				BF3FAD362563C26400261E5C /* DebateFeedController.swift in Sources */,
				BF3FAD4A2563C4A500261E5C /* Speech.swift in Sources */,
				BF3FE28325555B160036AF2F /* MenuController.swift in Sources */,
				BF403993255056A200D766F4 /* ThemeManager.swift in Sources */,
				BF88BA5E256FA4060028BF66 /* VotingFeedController.swift in Sources */,
				BF71DC87257E65EA00011307 /* RepresentativeTableViewCell.swift in Sources */,
				BF3FE28A25555EAC0036AF2F /* MenuItemCell.swift in Sources */,
				BF3FAD61256406D100261E5C /* RepresentativeService.swift in Sources */,
				BF628629257664BA00BBBEB7 /* PartyVoteResultView.swift in Sources */,
				BF62865D257A272F00BBBEB7 /* DocumentHtmlView.swift in Sources */,
				BF3DA20E255E80A50094F463 /* DecisionDocument.swift in Sources */,
				BF8BE5CA2552F9150016C85A /* DecisionsController.swift in Sources */,
				BFC2CFCA256FB6BC00A24DF0 /* VoteResult.swift in Sources */,
				BF3FAD392563C29B00261E5C /* DebateFeedModel.swift in Sources */,
				BF40399B25505E6800D766F4 /* SplashController.swift in Sources */,
				BF3FAD442563C48C00261E5C /* Debate.swift in Sources */,
				BF7F605425597FF300D2959F /* RiksdagenBaseService.swift in Sources */,
				BF40397A25504E7D00D766F4 /* AppDelegate.swift in Sources */,
				BF62861E2575421B00BBBEB7 /* Label.swift in Sources */,
				BF40397C25504E7D00D766F4 /* SceneDelegate.swift in Sources */,
				BF628656257A1DF200BBBEB7 /* DocumentReaderController.swift in Sources */,
			);
			runOnlyForDeploymentPostprocessing = 0;
		};
		BFC2CFEB2574E1F300A24DF0 /* Sources */ = {
			isa = PBXSourcesBuildPhase;
			buildActionMask = 2147483647;
			files = (
				BF5C9ABD25750491009F22BC /* VoteResultTests.swift in Sources */,
				BFC2CFF22574E1F300A24DF0 /* RiksdagskollenTests.swift in Sources */,
			);
			runOnlyForDeploymentPostprocessing = 0;
		};
/* End PBXSourcesBuildPhase section */

/* Begin PBXTargetDependency section */
		BFC2CFF52574E1F300A24DF0 /* PBXTargetDependency */ = {
			isa = PBXTargetDependency;
			target = BF40397525504E7D00D766F4 /* Riksdagskollen */;
			targetProxy = BFC2CFF42574E1F300A24DF0 /* PBXContainerItemProxy */;
		};
/* End PBXTargetDependency section */

/* Begin PBXVariantGroup section */
		BF40397F25504E7D00D766F4 /* Main.storyboard */ = {
			isa = PBXVariantGroup;
			children = (
				BF40398025504E7D00D766F4 /* Base */,
			);
			name = Main.storyboard;
			sourceTree = "<group>";
		};
		BF40398425504E7E00D766F4 /* LaunchScreen.storyboard */ = {
			isa = PBXVariantGroup;
			children = (
				BF40398525504E7E00D766F4 /* Base */,
			);
			name = LaunchScreen.storyboard;
			sourceTree = "<group>";
		};
/* End PBXVariantGroup section */

/* Begin XCBuildConfiguration section */
		BF40398825504E7E00D766F4 /* Debug */ = {
			isa = XCBuildConfiguration;
			buildSettings = {
				ALWAYS_SEARCH_USER_PATHS = NO;
				CLANG_ANALYZER_NONNULL = YES;
				CLANG_ANALYZER_NUMBER_OBJECT_CONVERSION = YES_AGGRESSIVE;
				CLANG_CXX_LANGUAGE_STANDARD = "gnu++14";
				CLANG_CXX_LIBRARY = "libc++";
				CLANG_ENABLE_MODULES = YES;
				CLANG_ENABLE_OBJC_ARC = YES;
				CLANG_ENABLE_OBJC_WEAK = YES;
				CLANG_WARN_BLOCK_CAPTURE_AUTORELEASING = YES;
				CLANG_WARN_BOOL_CONVERSION = YES;
				CLANG_WARN_COMMA = YES;
				CLANG_WARN_CONSTANT_CONVERSION = YES;
				CLANG_WARN_DEPRECATED_OBJC_IMPLEMENTATIONS = YES;
				CLANG_WARN_DIRECT_OBJC_ISA_USAGE = YES_ERROR;
				CLANG_WARN_DOCUMENTATION_COMMENTS = YES;
				CLANG_WARN_EMPTY_BODY = YES;
				CLANG_WARN_ENUM_CONVERSION = YES;
				CLANG_WARN_INFINITE_RECURSION = YES;
				CLANG_WARN_INT_CONVERSION = YES;
				CLANG_WARN_NON_LITERAL_NULL_CONVERSION = YES;
				CLANG_WARN_OBJC_IMPLICIT_RETAIN_SELF = YES;
				CLANG_WARN_OBJC_LITERAL_CONVERSION = YES;
				CLANG_WARN_OBJC_ROOT_CLASS = YES_ERROR;
				CLANG_WARN_QUOTED_INCLUDE_IN_FRAMEWORK_HEADER = YES;
				CLANG_WARN_RANGE_LOOP_ANALYSIS = YES;
				CLANG_WARN_STRICT_PROTOTYPES = YES;
				CLANG_WARN_SUSPICIOUS_MOVE = YES;
				CLANG_WARN_UNGUARDED_AVAILABILITY = YES_AGGRESSIVE;
				CLANG_WARN_UNREACHABLE_CODE = YES;
				CLANG_WARN__DUPLICATE_METHOD_MATCH = YES;
				COPY_PHASE_STRIP = NO;
				DEBUG_INFORMATION_FORMAT = dwarf;
				ENABLE_STRICT_OBJC_MSGSEND = YES;
				ENABLE_TESTABILITY = YES;
				GCC_C_LANGUAGE_STANDARD = gnu11;
				GCC_DYNAMIC_NO_PIC = NO;
				GCC_NO_COMMON_BLOCKS = YES;
				GCC_OPTIMIZATION_LEVEL = 0;
				GCC_PREPROCESSOR_DEFINITIONS = (
					"DEBUG=1",
					"$(inherited)",
				);
				GCC_WARN_64_TO_32_BIT_CONVERSION = YES;
				GCC_WARN_ABOUT_RETURN_TYPE = YES_ERROR;
				GCC_WARN_UNDECLARED_SELECTOR = YES;
				GCC_WARN_UNINITIALIZED_AUTOS = YES_AGGRESSIVE;
				GCC_WARN_UNUSED_FUNCTION = YES;
				GCC_WARN_UNUSED_VARIABLE = YES;
				IPHONEOS_DEPLOYMENT_TARGET = 13.0;
				MTL_ENABLE_DEBUG_INFO = INCLUDE_SOURCE;
				MTL_FAST_MATH = YES;
				ONLY_ACTIVE_ARCH = YES;
				SDKROOT = iphoneos;
				SWIFT_ACTIVE_COMPILATION_CONDITIONS = DEBUG;
				SWIFT_OPTIMIZATION_LEVEL = "-Onone";
			};
			name = Debug;
		};
		BF40398925504E7E00D766F4 /* Release */ = {
			isa = XCBuildConfiguration;
			buildSettings = {
				ALWAYS_SEARCH_USER_PATHS = NO;
				CLANG_ANALYZER_NONNULL = YES;
				CLANG_ANALYZER_NUMBER_OBJECT_CONVERSION = YES_AGGRESSIVE;
				CLANG_CXX_LANGUAGE_STANDARD = "gnu++14";
				CLANG_CXX_LIBRARY = "libc++";
				CLANG_ENABLE_MODULES = YES;
				CLANG_ENABLE_OBJC_ARC = YES;
				CLANG_ENABLE_OBJC_WEAK = YES;
				CLANG_WARN_BLOCK_CAPTURE_AUTORELEASING = YES;
				CLANG_WARN_BOOL_CONVERSION = YES;
				CLANG_WARN_COMMA = YES;
				CLANG_WARN_CONSTANT_CONVERSION = YES;
				CLANG_WARN_DEPRECATED_OBJC_IMPLEMENTATIONS = YES;
				CLANG_WARN_DIRECT_OBJC_ISA_USAGE = YES_ERROR;
				CLANG_WARN_DOCUMENTATION_COMMENTS = YES;
				CLANG_WARN_EMPTY_BODY = YES;
				CLANG_WARN_ENUM_CONVERSION = YES;
				CLANG_WARN_INFINITE_RECURSION = YES;
				CLANG_WARN_INT_CONVERSION = YES;
				CLANG_WARN_NON_LITERAL_NULL_CONVERSION = YES;
				CLANG_WARN_OBJC_IMPLICIT_RETAIN_SELF = YES;
				CLANG_WARN_OBJC_LITERAL_CONVERSION = YES;
				CLANG_WARN_OBJC_ROOT_CLASS = YES_ERROR;
				CLANG_WARN_QUOTED_INCLUDE_IN_FRAMEWORK_HEADER = YES;
				CLANG_WARN_RANGE_LOOP_ANALYSIS = YES;
				CLANG_WARN_STRICT_PROTOTYPES = YES;
				CLANG_WARN_SUSPICIOUS_MOVE = YES;
				CLANG_WARN_UNGUARDED_AVAILABILITY = YES_AGGRESSIVE;
				CLANG_WARN_UNREACHABLE_CODE = YES;
				CLANG_WARN__DUPLICATE_METHOD_MATCH = YES;
				COPY_PHASE_STRIP = NO;
				DEBUG_INFORMATION_FORMAT = "dwarf-with-dsym";
				ENABLE_NS_ASSERTIONS = NO;
				ENABLE_STRICT_OBJC_MSGSEND = YES;
				GCC_C_LANGUAGE_STANDARD = gnu11;
				GCC_NO_COMMON_BLOCKS = YES;
				GCC_WARN_64_TO_32_BIT_CONVERSION = YES;
				GCC_WARN_ABOUT_RETURN_TYPE = YES_ERROR;
				GCC_WARN_UNDECLARED_SELECTOR = YES;
				GCC_WARN_UNINITIALIZED_AUTOS = YES_AGGRESSIVE;
				GCC_WARN_UNUSED_FUNCTION = YES;
				GCC_WARN_UNUSED_VARIABLE = YES;
				IPHONEOS_DEPLOYMENT_TARGET = 13.0;
				MTL_ENABLE_DEBUG_INFO = NO;
				MTL_FAST_MATH = YES;
				SDKROOT = iphoneos;
				SWIFT_COMPILATION_MODE = wholemodule;
				SWIFT_OPTIMIZATION_LEVEL = "-O";
				VALIDATE_PRODUCT = YES;
			};
			name = Release;
		};
		BF40398B25504E7E00D766F4 /* Debug */ = {
			isa = XCBuildConfiguration;
			baseConfigurationReference = 17491EBE81FDFAB40921E3B7 /* Pods-Riksdagskollen.debug.xcconfig */;
			buildSettings = {
				ASSETCATALOG_COMPILER_APPICON_NAME = AppIcon;
				ASSETCATALOG_COMPILER_GLOBAL_ACCENT_COLOR_NAME = AccentColor;
				CODE_SIGN_STYLE = Automatic;
				INFOPLIST_FILE = Riksdagskollen/Info.plist;
				LD_RUNPATH_SEARCH_PATHS = (
					"$(inherited)",
					"@executable_path/Frameworks",
				);
				PRODUCT_BUNDLE_IDENTIFIER = Riksdagskollen.Riksdagskollen;
				PRODUCT_NAME = "$(TARGET_NAME)";
				SWIFT_VERSION = 5.0;
				TARGETED_DEVICE_FAMILY = "1,2";
			};
			name = Debug;
		};
		BF40398C25504E7E00D766F4 /* Release */ = {
			isa = XCBuildConfiguration;
			baseConfigurationReference = 9DCC515499D237EA419DBEF5 /* Pods-Riksdagskollen.release.xcconfig */;
			buildSettings = {
				ASSETCATALOG_COMPILER_APPICON_NAME = AppIcon;
				ASSETCATALOG_COMPILER_GLOBAL_ACCENT_COLOR_NAME = AccentColor;
				CODE_SIGN_STYLE = Automatic;
				INFOPLIST_FILE = Riksdagskollen/Info.plist;
				LD_RUNPATH_SEARCH_PATHS = (
					"$(inherited)",
					"@executable_path/Frameworks",
				);
				PRODUCT_BUNDLE_IDENTIFIER = Riksdagskollen.Riksdagskollen;
				PRODUCT_NAME = "$(TARGET_NAME)";
				SWIFT_VERSION = 5.0;
				TARGETED_DEVICE_FAMILY = "1,2";
			};
			name = Release;
		};
		BFC2CFF72574E1F300A24DF0 /* Debug */ = {
			isa = XCBuildConfiguration;
			buildSettings = {
				BUNDLE_LOADER = "$(TEST_HOST)";
				CODE_SIGN_STYLE = Automatic;
				INFOPLIST_FILE = RiksdagskollenTests/Info.plist;
				LD_RUNPATH_SEARCH_PATHS = (
					"$(inherited)",
					"@executable_path/Frameworks",
					"@loader_path/Frameworks",
				);
				PRODUCT_BUNDLE_IDENTIFIER = Riksdagskollen.RiksdagskollenTests;
				PRODUCT_NAME = "$(TARGET_NAME)";
				SWIFT_VERSION = 5.0;
				TARGETED_DEVICE_FAMILY = "1,2";
				TEST_HOST = "$(BUILT_PRODUCTS_DIR)/Riksdagskollen.app/Riksdagskollen";
			};
			name = Debug;
		};
		BFC2CFF82574E1F300A24DF0 /* Release */ = {
			isa = XCBuildConfiguration;
			buildSettings = {
				BUNDLE_LOADER = "$(TEST_HOST)";
				CODE_SIGN_STYLE = Automatic;
				INFOPLIST_FILE = RiksdagskollenTests/Info.plist;
				LD_RUNPATH_SEARCH_PATHS = (
					"$(inherited)",
					"@executable_path/Frameworks",
					"@loader_path/Frameworks",
				);
				PRODUCT_BUNDLE_IDENTIFIER = Riksdagskollen.RiksdagskollenTests;
				PRODUCT_NAME = "$(TARGET_NAME)";
				SWIFT_VERSION = 5.0;
				TARGETED_DEVICE_FAMILY = "1,2";
				TEST_HOST = "$(BUILT_PRODUCTS_DIR)/Riksdagskollen.app/Riksdagskollen";
			};
			name = Release;
		};
/* End XCBuildConfiguration section */

/* Begin XCConfigurationList section */
		BF40397125504E7D00D766F4 /* Build configuration list for PBXProject "Riksdagskollen" */ = {
			isa = XCConfigurationList;
			buildConfigurations = (
				BF40398825504E7E00D766F4 /* Debug */,
				BF40398925504E7E00D766F4 /* Release */,
			);
			defaultConfigurationIsVisible = 0;
			defaultConfigurationName = Release;
		};
		BF40398A25504E7E00D766F4 /* Build configuration list for PBXNativeTarget "Riksdagskollen" */ = {
			isa = XCConfigurationList;
			buildConfigurations = (
				BF40398B25504E7E00D766F4 /* Debug */,
				BF40398C25504E7E00D766F4 /* Release */,
			);
			defaultConfigurationIsVisible = 0;
			defaultConfigurationName = Release;
		};
		BFC2CFF62574E1F300A24DF0 /* Build configuration list for PBXNativeTarget "RiksdagskollenTests" */ = {
			isa = XCConfigurationList;
			buildConfigurations = (
				BFC2CFF72574E1F300A24DF0 /* Debug */,
				BFC2CFF82574E1F300A24DF0 /* Release */,
			);
			defaultConfigurationIsVisible = 0;
			defaultConfigurationName = Release;
		};
/* End XCConfigurationList section */
	};
	rootObject = BF40396E25504E7D00D766F4 /* Project object */;
}
